// !$*UTF8*$!
{
	archiveVersion = 1;
	classes = {
	};
	objectVersion = 56;
	objects = {

/* Begin PBXBuildFile section */
		0D7A5F475E344DDBBBDCA5BB /* MushaPageView.swift in Sources */ = {isa = PBXBuildFile; fileRef = 999B4990BB924C7198294689 /* MushaPageView.swift */; };
		1122334455667788AABB99CC /* ReadingPositionStoreTests.swift in Sources */ = {isa = PBXBuildFile; fileRef = 0123456789ABCDE1F2A3B4C5 /* ReadingPositionStoreTests.swift */; };
		2233445566778899AABBCCDD /* ReaderViewModelTests.swift in Sources */ = {isa = PBXBuildFile; fileRef = 123456789ABCDE1F2A3B4C5D /* ReaderViewModelTests.swift */; };
		334455667788AABB99CCDDEE /* ContinueReadingCardTests.swift in Sources */ = {isa = PBXBuildFile; fileRef = 23456789ABCDE1F2A3B4C5D6 /* ContinueReadingCardTests.swift */; };
		3DDFB41A5FBD4F6EA3A69713 /* PageReaderView.swift in Sources */ = {isa = PBXBuildFile; fileRef = 525882683954408889B4ADAD /* PageReaderView.swift */; };
		3FB96C6F076B457E8B0DAEC6 /* ReaderContainerView.swift in Sources */ = {isa = PBXBuildFile; fileRef = C042F318D7F240F09A7E2D37 /* ReaderContainerView.swift */; };
		46177F4C7CDF414A91CE9E5C /* ContentView.swift in Sources */ = {isa = PBXBuildFile; fileRef = AD81DA0E60F9438F890F97C7 /* ContentView.swift */; };
		4654508FE9F5499BBED9B1B9 /* SurahListView.swift in Sources */ = {isa = PBXBuildFile; fileRef = 11B9BA60038146CAAFD70154 /* SurahListView.swift */; };
		46E966FD10F048A88592AD24 /* verses_indopak.json in Resources */ = {isa = PBXBuildFile; fileRef = 2AF77B0DE9FC465C845E2739 /* verses_indopak.json */; };
		473D44004965486DB23742E0 /* DownloadStore.swift in Sources */ = {isa = PBXBuildFile; fileRef = 2BD0DB63AFF34672AB9E4AA2 /* DownloadStore.swift */; };
		473E3F1B2DF741DC88620CBE /* ReaderViewModel.swift in Sources */ = {isa = PBXBuildFile; fileRef = DBE7634DE1FE4683AB10CD79 /* ReaderViewModel.swift */; };
		4990ADB800744E70AB694C3B /* ScheherazadeNew-Regular.ttf in Resources */ = {isa = PBXBuildFile; fileRef = 194BFD33B59F4522BBD26118 /* ScheherazadeNew-Regular.ttf */; };
		4A6173F0F5934E74B6A05333 /* QuranDataService.swift in Sources */ = {isa = PBXBuildFile; fileRef = AA93D28577AA4DC99BD921B8 /* QuranDataService.swift */; };
		5369990594F74C9785CC5EF4 /* NiyaFonts.swift in Sources */ = {isa = PBXBuildFile; fileRef = E8C6FC3BB60146338C0D4C31 /* NiyaFonts.swift */; };
		56230301E0A14B2AB3968A37 /* Surah.swift in Sources */ = {isa = PBXBuildFile; fileRef = CD64F8DE8861445EB8E01012 /* Surah.swift */; };
		649F5730CCC049A0B074090E /* surahs.json in Resources */ = {isa = PBXBuildFile; fileRef = 78DADC4FFC8D4DF6BD4D5E03 /* surahs.json */; };
		6BA1A3790AB54AE7A9A7A01C /* verses_hafs.json in Resources */ = {isa = PBXBuildFile; fileRef = DBB5CB1A79514179992DB4E8 /* verses_hafs.json */; };
		71995DA862004160B8D2DFA2 /* KFGQPC Uthmanic Script HAFS Regular.otf in Resources */ = {isa = PBXBuildFile; fileRef = 871CD3D886EE4441B01AD4AD /* KFGQPC Uthmanic Script HAFS Regular.otf */; };
		89EC96578CD643618071692E /* ScrollReaderView.swift in Sources */ = {isa = PBXBuildFile; fileRef = 2A481968E95C444EAD2EFAF6 /* ScrollReaderView.swift */; };
		8F709DD2179D47E5B99A27A7 /* NiyaColors.swift in Sources */ = {isa = PBXBuildFile; fileRef = BD193B8797DB40EE83025198 /* NiyaColors.swift */; };
		8FCFDF8B2DF44F90BE9EC821 /* VerseRowView.swift in Sources */ = {isa = PBXBuildFile; fileRef = BE4690B59EF4492E84C399FD /* VerseRowView.swift */; };
		9CF474B2A2EA461789DC79A9 /* NiyaApp.swift in Sources */ = {isa = PBXBuildFile; fileRef = 70C677D4976B4562BF671E2D /* NiyaApp.swift */; };
		A1A2A3A4A5A6A7A8A9B0B1B2 /* ReaderSettingsSheet.swift in Sources */ = {isa = PBXBuildFile; fileRef = C1C2C3C4C5C6C7C8C9D0D1D2 /* ReaderSettingsSheet.swift */; };
		A0B1C2D3E4F5061728394A5B /* RecentSearch.swift in Sources */ = {isa = PBXBuildFile; fileRef = B0C1D2E3F4051627384A5B6C /* RecentSearch.swift */; };
		A0B1C2D3E4F5061728394A5C /* RecentSearchStore.swift in Sources */ = {isa = PBXBuildFile; fileRef = B0C1D2E3F4051627384A5B6D /* RecentSearchStore.swift */; };
		AA11BB22CC33DD44EE55FF66 /* ReadingPosition.swift in Sources */ = {isa = PBXBuildFile; fileRef = A1B2C3D4E5F60123456789AB /* ReadingPosition.swift */; };
		ABA249230DA846C3BEF4F74B /* Verse.swift in Sources */ = {isa = PBXBuildFile; fileRef = 83EB559A20924A2EA9FD5712 /* Verse.swift */; };
		B1F430DC4C52437C9500A5A5 /* AudioDownload.swift in Sources */ = {isa = PBXBuildFile; fileRef = 0F2BC9E9ABFD407280EA99A5 /* AudioDownload.swift */; };
		BA52B83C29CC40C8B9EB4D8C /* AudioService.swift in Sources */ = {isa = PBXBuildFile; fileRef = 94D9A658CCA54D9685B1105E /* AudioService.swift */; };
		BA7A910D47674D4981B03515 /* SwiftData.framework in Frameworks */ = {isa = PBXBuildFile; fileRef = BC98BE9A4E6E48F7A809D373 /* SwiftData.framework */; };
		BA8B0C1B4ED348608AAB24E7 /* AudioPlayerBar.swift in Sources */ = {isa = PBXBuildFile; fileRef = EA222725CBCC4F59954F720E /* AudioPlayerBar.swift */; };
		BB22CC33DD44EE55FF661122 /* ReadingPositionStore.swift in Sources */ = {isa = PBXBuildFile; fileRef = B2C3D4E5F6012345678A9ABC /* ReadingPositionStore.swift */; };
		C2EB5C207EEC4F99B0BD4B20 /* SettingsView.swift in Sources */ = {isa = PBXBuildFile; fileRef = AF04BE8661A842008F8A3583 /* SettingsView.swift */; };
		C7EE1FD8E48B4F4097375A79 /* SurahListViewModel.swift in Sources */ = {isa = PBXBuildFile; fileRef = F894BE28443A47BFA1E66663 /* SurahListViewModel.swift */; };
		CC33DD44EE55FF6611223344 /* NiyaExtensions.swift in Sources */ = {isa = PBXBuildFile; fileRef = C3D4E5F60123456789ABCDE1 /* NiyaExtensions.swift */; };
		D2357698E40842458DC8E86A /* Assets.xcassets in Resources */ = {isa = PBXBuildFile; fileRef = 19867D2B510C4D14A2863EFF /* Assets.xcassets */; };
		D2BD2C310ABA42889D62A938 /* AudioPlayerViewModel.swift in Sources */ = {isa = PBXBuildFile; fileRef = AB7171A9F41E499E9EDF5F5C /* AudioPlayerViewModel.swift */; };
		D35211FD8278440CA14C9E4B /* SurahRowView.swift in Sources */ = {isa = PBXBuildFile; fileRef = 0DD9624DB0AF44FCA95791F4 /* SurahRowView.swift */; };
		DCA19A20E02841C6BC8B04AF /* QuranScript.swift in Sources */ = {isa = PBXBuildFile; fileRef = 349E82BFC8B6490D838E0FA1 /* QuranScript.swift */; };
		DD44EE55FF66112233445566 /* ContinueReadingCard.swift in Sources */ = {isa = PBXBuildFile; fileRef = D4E5F60123456789ABCDE1F2 /* ContinueReadingCard.swift */; };
		E6076CA5A69B4366BE46B613 /* AVFoundation.framework in Frameworks */ = {isa = PBXBuildFile; fileRef = F17A80DCF3464892B5E2C2A0 /* AVFoundation.framework */; };
		E90EAF86C56E48ED977014B0 /* NiyaTheme.swift in Sources */ = {isa = PBXBuildFile; fileRef = 98500A1EFE4A47B8B15539F2 /* NiyaTheme.swift */; };
		EE55FF66112233445566AA77 /* HomeView.swift in Sources */ = {isa = PBXBuildFile; fileRef = E5F60123456789ABCDE1F2A3 /* HomeView.swift */; };
		F77FEF147FC94B25906E95B9 /* SurahSearchView.swift in Sources */ = {isa = PBXBuildFile; fileRef = 6FAA7ECDB97E448890810869 /* SurahSearchView.swift */; };
		FF66112233445566AA778899 /* ReadingPositionModelTests.swift in Sources */ = {isa = PBXBuildFile; fileRef = F60123456789ABCDE1F2A3B4 /* ReadingPositionModelTests.swift */; };
/* End PBXBuildFile section */

/* Begin PBXContainerItemProxy section */
		33DD001122334455667788FF /* PBXContainerItemProxy */ = {
			isa = PBXContainerItemProxy;
			containerPortal = 3AEC41037EF14879BF4C6E4F /* Project object */;
			proxyType = 1;
			remoteGlobalIDString = 0FA3865FC16D4B79A4D05842;
			remoteInfo = Niya;
		};
/* End PBXContainerItemProxy section */

/* Begin PBXFileReference section */
		0123456789ABCDE1F2A3B4C5 /* ReadingPositionStoreTests.swift */ = {isa = PBXFileReference; lastKnownFileType = sourcecode.swift; path = ReadingPositionStoreTests.swift; sourceTree = "<group>"; };
		0DD9624DB0AF44FCA95791F4 /* SurahRowView.swift */ = {isa = PBXFileReference; lastKnownFileType = sourcecode.swift; path = SurahRowView.swift; sourceTree = "<group>"; };
		0F2BC9E9ABFD407280EA99A5 /* AudioDownload.swift */ = {isa = PBXFileReference; lastKnownFileType = sourcecode.swift; path = AudioDownload.swift; sourceTree = "<group>"; };
		11B9BA60038146CAAFD70154 /* SurahListView.swift */ = {isa = PBXFileReference; lastKnownFileType = sourcecode.swift; path = SurahListView.swift; sourceTree = "<group>"; };
		123456789ABCDE1F2A3B4C5D /* ReaderViewModelTests.swift */ = {isa = PBXFileReference; lastKnownFileType = sourcecode.swift; path = ReaderViewModelTests.swift; sourceTree = "<group>"; };
		194BFD33B59F4522BBD26118 /* ScheherazadeNew-Regular.ttf */ = {isa = PBXFileReference; lastKnownFileType = file.font; path = "ScheherazadeNew-Regular.ttf"; sourceTree = "<group>"; };
		19867D2B510C4D14A2863EFF /* Assets.xcassets */ = {isa = PBXFileReference; lastKnownFileType = folder.assetcatalog; path = Assets.xcassets; sourceTree = "<group>"; };
		23456789ABCDE1F2A3B4C5D6 /* ContinueReadingCardTests.swift */ = {isa = PBXFileReference; lastKnownFileType = sourcecode.swift; path = ContinueReadingCardTests.swift; sourceTree = "<group>"; };
		2A481968E95C444EAD2EFAF6 /* ScrollReaderView.swift */ = {isa = PBXFileReference; lastKnownFileType = sourcecode.swift; path = ScrollReaderView.swift; sourceTree = "<group>"; };
		2AF77B0DE9FC465C845E2739 /* verses_indopak.json */ = {isa = PBXFileReference; lastKnownFileType = text.json; path = verses_indopak.json; sourceTree = "<group>"; };
		2BD0DB63AFF34672AB9E4AA2 /* DownloadStore.swift */ = {isa = PBXFileReference; lastKnownFileType = sourcecode.swift; path = DownloadStore.swift; sourceTree = "<group>"; };
		349E82BFC8B6490D838E0FA1 /* QuranScript.swift */ = {isa = PBXFileReference; lastKnownFileType = sourcecode.swift; path = QuranScript.swift; sourceTree = "<group>"; };
		4AA1DBCB644B47CB8F566084 /* Info.plist */ = {isa = PBXFileReference; lastKnownFileType = text.plist.xml; path = Info.plist; sourceTree = "<group>"; };
		525882683954408889B4ADAD /* PageReaderView.swift */ = {isa = PBXFileReference; lastKnownFileType = sourcecode.swift; path = PageReaderView.swift; sourceTree = "<group>"; };
		6FAA7ECDB97E448890810869 /* SurahSearchView.swift */ = {isa = PBXFileReference; lastKnownFileType = sourcecode.swift; path = SurahSearchView.swift; sourceTree = "<group>"; };
		70C677D4976B4562BF671E2D /* NiyaApp.swift */ = {isa = PBXFileReference; lastKnownFileType = sourcecode.swift; path = NiyaApp.swift; sourceTree = "<group>"; };
		78DADC4FFC8D4DF6BD4D5E03 /* surahs.json */ = {isa = PBXFileReference; lastKnownFileType = text.json; path = surahs.json; sourceTree = "<group>"; };
		83EB559A20924A2EA9FD5712 /* Verse.swift */ = {isa = PBXFileReference; lastKnownFileType = sourcecode.swift; path = Verse.swift; sourceTree = "<group>"; };
		871CD3D886EE4441B01AD4AD /* KFGQPC Uthmanic Script HAFS Regular.otf */ = {isa = PBXFileReference; lastKnownFileType = file.font; path = "KFGQPC Uthmanic Script HAFS Regular.otf"; sourceTree = "<group>"; };
		94D9A658CCA54D9685B1105E /* AudioService.swift */ = {isa = PBXFileReference; lastKnownFileType = sourcecode.swift; path = AudioService.swift; sourceTree = "<group>"; };
		98500A1EFE4A47B8B15539F2 /* NiyaTheme.swift */ = {isa = PBXFileReference; lastKnownFileType = sourcecode.swift; path = NiyaTheme.swift; sourceTree = "<group>"; };
		999B4990BB924C7198294689 /* MushaPageView.swift */ = {isa = PBXFileReference; lastKnownFileType = sourcecode.swift; path = MushaPageView.swift; sourceTree = "<group>"; };
		A1B2C3D4E5F60123456789AB /* ReadingPosition.swift */ = {isa = PBXFileReference; lastKnownFileType = sourcecode.swift; path = ReadingPosition.swift; sourceTree = "<group>"; };
		B0C1D2E3F4051627384A5B6C /* RecentSearch.swift */ = {isa = PBXFileReference; lastKnownFileType = sourcecode.swift; path = RecentSearch.swift; sourceTree = "<group>"; };
		B0C1D2E3F4051627384A5B6D /* RecentSearchStore.swift */ = {isa = PBXFileReference; lastKnownFileType = sourcecode.swift; path = RecentSearchStore.swift; sourceTree = "<group>"; };
		AA93D28577AA4DC99BD921B8 /* QuranDataService.swift */ = {isa = PBXFileReference; lastKnownFileType = sourcecode.swift; path = QuranDataService.swift; sourceTree = "<group>"; };
		AB7171A9F41E499E9EDF5F5C /* AudioPlayerViewModel.swift */ = {isa = PBXFileReference; lastKnownFileType = sourcecode.swift; path = AudioPlayerViewModel.swift; sourceTree = "<group>"; };
		AD81DA0E60F9438F890F97C7 /* ContentView.swift */ = {isa = PBXFileReference; lastKnownFileType = sourcecode.swift; path = ContentView.swift; sourceTree = "<group>"; };
		AF04BE8661A842008F8A3583 /* SettingsView.swift */ = {isa = PBXFileReference; lastKnownFileType = sourcecode.swift; path = SettingsView.swift; sourceTree = "<group>"; };
		B2C3D4E5F6012345678A9ABC /* ReadingPositionStore.swift */ = {isa = PBXFileReference; lastKnownFileType = sourcecode.swift; path = ReadingPositionStore.swift; sourceTree = "<group>"; };
		BC98BE9A4E6E48F7A809D373 /* SwiftData.framework */ = {isa = PBXFileReference; lastKnownFileType = wrapper.framework; name = SwiftData.framework; path = System/Library/Frameworks/SwiftData.framework; sourceTree = SDKROOT; };
		BD193B8797DB40EE83025198 /* NiyaColors.swift */ = {isa = PBXFileReference; lastKnownFileType = sourcecode.swift; path = NiyaColors.swift; sourceTree = "<group>"; };
		BE4690B59EF4492E84C399FD /* VerseRowView.swift */ = {isa = PBXFileReference; lastKnownFileType = sourcecode.swift; path = VerseRowView.swift; sourceTree = "<group>"; };
		C042F318D7F240F09A7E2D37 /* ReaderContainerView.swift */ = {isa = PBXFileReference; lastKnownFileType = sourcecode.swift; path = ReaderContainerView.swift; sourceTree = "<group>"; };
		C1C2C3C4C5C6C7C8C9D0D1D2 /* ReaderSettingsSheet.swift */ = {isa = PBXFileReference; lastKnownFileType = sourcecode.swift; path = ReaderSettingsSheet.swift; sourceTree = "<group>"; };
		C3D4E5F60123456789ABCDE1 /* NiyaExtensions.swift */ = {isa = PBXFileReference; lastKnownFileType = sourcecode.swift; path = NiyaExtensions.swift; sourceTree = "<group>"; };
		CD64F8DE8861445EB8E01012 /* Surah.swift */ = {isa = PBXFileReference; lastKnownFileType = sourcecode.swift; path = Surah.swift; sourceTree = "<group>"; };
		D4E5F60123456789ABCDE1F2 /* ContinueReadingCard.swift */ = {isa = PBXFileReference; lastKnownFileType = sourcecode.swift; path = ContinueReadingCard.swift; sourceTree = "<group>"; };
		DBB5CB1A79514179992DB4E8 /* verses_hafs.json */ = {isa = PBXFileReference; lastKnownFileType = text.json; path = verses_hafs.json; sourceTree = "<group>"; };
		DBE7634DE1FE4683AB10CD79 /* ReaderViewModel.swift */ = {isa = PBXFileReference; lastKnownFileType = sourcecode.swift; path = ReaderViewModel.swift; sourceTree = "<group>"; };
		DDEE44556677889900112233 /* NiyaTests.xctest */ = {isa = PBXFileReference; explicitFileType = wrapper.cfbundle; includeInIndex = 0; path = NiyaTests.xctest; sourceTree = BUILT_PRODUCTS_DIR; };
		E5F60123456789ABCDE1F2A3 /* HomeView.swift */ = {isa = PBXFileReference; lastKnownFileType = sourcecode.swift; path = HomeView.swift; sourceTree = "<group>"; };
		E8C6FC3BB60146338C0D4C31 /* NiyaFonts.swift */ = {isa = PBXFileReference; lastKnownFileType = sourcecode.swift; path = NiyaFonts.swift; sourceTree = "<group>"; };
		E9BEB4D7A24049C3AA5D501E /* Niya.app */ = {isa = PBXFileReference; explicitFileType = wrapper.application; includeInIndex = 0; path = Niya.app; sourceTree = BUILT_PRODUCTS_DIR; };
		EA222725CBCC4F59954F720E /* AudioPlayerBar.swift */ = {isa = PBXFileReference; lastKnownFileType = sourcecode.swift; path = AudioPlayerBar.swift; sourceTree = "<group>"; };
		F17A80DCF3464892B5E2C2A0 /* AVFoundation.framework */ = {isa = PBXFileReference; lastKnownFileType = wrapper.framework; name = AVFoundation.framework; path = System/Library/Frameworks/AVFoundation.framework; sourceTree = SDKROOT; };
		F60123456789ABCDE1F2A3B4 /* ReadingPositionModelTests.swift */ = {isa = PBXFileReference; lastKnownFileType = sourcecode.swift; path = ReadingPositionModelTests.swift; sourceTree = "<group>"; };
		F894BE28443A47BFA1E66663 /* SurahListViewModel.swift */ = {isa = PBXFileReference; lastKnownFileType = sourcecode.swift; path = SurahListViewModel.swift; sourceTree = "<group>"; };
/* End PBXFileReference section */

/* Begin PBXFrameworksBuildPhase section */
		0A1E7B22DFEF44068B3C56B7 /* Frameworks */ = {
			isa = PBXFrameworksBuildPhase;
			buildActionMask = 2147483647;
			files = (
				BA7A910D47674D4981B03515 /* SwiftData.framework in Frameworks */,
				E6076CA5A69B4366BE46B613 /* AVFoundation.framework in Frameworks */,
			);
			runOnlyForDeploymentPostprocessing = 0;
		};
		FF00667788990011223344BB /* Frameworks */ = {
			isa = PBXFrameworksBuildPhase;
			buildActionMask = 2147483647;
			files = (
			);
			runOnlyForDeploymentPostprocessing = 0;
		};
/* End PBXFrameworksBuildPhase section */

/* Begin PBXGroup section */
		0309F1493E8A40C8B20AAE9C /* Views */ = {
			isa = PBXGroup;
			children = (
				AABB11223344556677889900 /* Home */,
				8EF7179F0B3F4647AD520B49 /* SurahList */,
				F2446C3054EA448697ED6753 /* Reader */,
				CA5E3166C24340C9A7D94237 /* Audio */,
				52CD84BC437E4F62891B909E /* Settings */,
			);
			path = Views;
			sourceTree = "<group>";
		};
		1A69C3F76636474D9E732BCA /* ViewModels */ = {
			isa = PBXGroup;
			children = (
				F894BE28443A47BFA1E66663 /* SurahListViewModel.swift */,
				DBE7634DE1FE4683AB10CD79 /* ReaderViewModel.swift */,
				AB7171A9F41E499E9EDF5F5C /* AudioPlayerViewModel.swift */,
			);
			path = ViewModels;
			sourceTree = "<group>";
		};
		4D4D358C2D174F6C8E01A70E /* Design */ = {
			isa = PBXGroup;
			children = (
				BD193B8797DB40EE83025198 /* NiyaColors.swift */,
				E8C6FC3BB60146338C0D4C31 /* NiyaFonts.swift */,
				98500A1EFE4A47B8B15539F2 /* NiyaTheme.swift */,
				C3D4E5F60123456789ABCDE1 /* NiyaExtensions.swift */,
			);
			path = Design;
			sourceTree = "<group>";
		};
		4FE1536670E4400D9E9B5E27 /* Services */ = {
			isa = PBXGroup;
			children = (
				AA93D28577AA4DC99BD921B8 /* QuranDataService.swift */,
				94D9A658CCA54D9685B1105E /* AudioService.swift */,
				2BD0DB63AFF34672AB9E4AA2 /* DownloadStore.swift */,
				B2C3D4E5F6012345678A9ABC /* ReadingPositionStore.swift */,
				B0C1D2E3F4051627384A5B6D /* RecentSearchStore.swift */,
			);
			path = Services;
			sourceTree = "<group>";
		};
		52CD84BC437E4F62891B909E /* Settings */ = {
			isa = PBXGroup;
			children = (
				AF04BE8661A842008F8A3583 /* SettingsView.swift */,
			);
			path = Settings;
			sourceTree = "<group>";
		};
		60D9A32302114F4CADDF7BED /* Resources */ = {
			isa = PBXGroup;
			children = (
				94E44187982B421B90C35B70 /* Data */,
				74C7199C29E04BCA8A85B926 /* Fonts */,
				19867D2B510C4D14A2863EFF /* Assets.xcassets */,
			);
			path = Resources;
			sourceTree = "<group>";
		};
		74C7199C29E04BCA8A85B926 /* Fonts */ = {
			isa = PBXGroup;
			children = (
				871CD3D886EE4441B01AD4AD /* KFGQPC Uthmanic Script HAFS Regular.otf */,
				194BFD33B59F4522BBD26118 /* ScheherazadeNew-Regular.ttf */,
			);
			path = Fonts;
			sourceTree = "<group>";
		};
		8EF7179F0B3F4647AD520B49 /* SurahList */ = {
			isa = PBXGroup;
			children = (
				11B9BA60038146CAAFD70154 /* SurahListView.swift */,
				0DD9624DB0AF44FCA95791F4 /* SurahRowView.swift */,
				6FAA7ECDB97E448890810869 /* SurahSearchView.swift */,
			);
			path = SurahList;
			sourceTree = "<group>";
		};
		94E44187982B421B90C35B70 /* Data */ = {
			isa = PBXGroup;
			children = (
				78DADC4FFC8D4DF6BD4D5E03 /* surahs.json */,
				DBB5CB1A79514179992DB4E8 /* verses_hafs.json */,
				2AF77B0DE9FC465C845E2739 /* verses_indopak.json */,
			);
			path = Data;
			sourceTree = "<group>";
		};
		AABB11223344556677889900 /* Home */ = {
			isa = PBXGroup;
			children = (
				E5F60123456789ABCDE1F2A3 /* HomeView.swift */,
				D4E5F60123456789ABCDE1F2 /* ContinueReadingCard.swift */,
			);
			path = Home;
			sourceTree = "<group>";
		};
		AFC7880339BC4522B3169B5E /* Frameworks */ = {
			isa = PBXGroup;
			children = (
				BC98BE9A4E6E48F7A809D373 /* SwiftData.framework */,
				F17A80DCF3464892B5E2C2A0 /* AVFoundation.framework */,
			);
			name = Frameworks;
			sourceTree = "<group>";
		};
		BBCC22334455667788990011 /* NiyaTests */ = {
			isa = PBXGroup;
			children = (
				F60123456789ABCDE1F2A3B4 /* ReadingPositionModelTests.swift */,
				0123456789ABCDE1F2A3B4C5 /* ReadingPositionStoreTests.swift */,
				123456789ABCDE1F2A3B4C5D /* ReaderViewModelTests.swift */,
				23456789ABCDE1F2A3B4C5D6 /* ContinueReadingCardTests.swift */,
			);
			path = NiyaTests;
			sourceTree = "<group>";
		};
		CA5E3166C24340C9A7D94237 /* Audio */ = {
			isa = PBXGroup;
			children = (
				EA222725CBCC4F59954F720E /* AudioPlayerBar.swift */,
			);
			path = Audio;
			sourceTree = "<group>";
		};
		D351E381AC93477491555176 = {
			isa = PBXGroup;
			children = (
				FEB8D951EFED4237B28317E3 /* Niya */,
				BBCC22334455667788990011 /* NiyaTests */,
				AFC7880339BC4522B3169B5E /* Frameworks */,
				E9FC323BC1FC498F8953893C /* Products */,
			);
			sourceTree = "<group>";
		};
		E9FC323BC1FC498F8953893C /* Products */ = {
			isa = PBXGroup;
			children = (
				E9BEB4D7A24049C3AA5D501E /* Niya.app */,
				DDEE44556677889900112233 /* NiyaTests.xctest */,
			);
			name = Products;
			sourceTree = "<group>";
		};
		F23788F257EB445A82959A46 /* Models */ = {
			isa = PBXGroup;
			children = (
				349E82BFC8B6490D838E0FA1 /* QuranScript.swift */,
				CD64F8DE8861445EB8E01012 /* Surah.swift */,
				83EB559A20924A2EA9FD5712 /* Verse.swift */,
				0F2BC9E9ABFD407280EA99A5 /* AudioDownload.swift */,
				A1B2C3D4E5F60123456789AB /* ReadingPosition.swift */,
				B0C1D2E3F4051627384A5B6C /* RecentSearch.swift */,
			);
			path = Models;
			sourceTree = "<group>";
		};
		F2446C3054EA448697ED6753 /* Reader */ = {
			isa = PBXGroup;
			children = (
				C042F318D7F240F09A7E2D37 /* ReaderContainerView.swift */,
				2A481968E95C444EAD2EFAF6 /* ScrollReaderView.swift */,
				525882683954408889B4ADAD /* PageReaderView.swift */,
				BE4690B59EF4492E84C399FD /* VerseRowView.swift */,
				999B4990BB924C7198294689 /* MushaPageView.swift */,
				C1C2C3C4C5C6C7C8C9D0D1D2 /* ReaderSettingsSheet.swift */,
			);
			path = Reader;
			sourceTree = "<group>";
		};
		FEB8D951EFED4237B28317E3 /* Niya */ = {
			isa = PBXGroup;
			children = (
				70C677D4976B4562BF671E2D /* NiyaApp.swift */,
				AD81DA0E60F9438F890F97C7 /* ContentView.swift */,
				4AA1DBCB644B47CB8F566084 /* Info.plist */,
				F23788F257EB445A82959A46 /* Models */,
				4FE1536670E4400D9E9B5E27 /* Services */,
				1A69C3F76636474D9E732BCA /* ViewModels */,
				0309F1493E8A40C8B20AAE9C /* Views */,
				4D4D358C2D174F6C8E01A70E /* Design */,
				60D9A32302114F4CADDF7BED /* Resources */,
			);
			path = Niya;
			sourceTree = "<group>";
		};
/* End PBXGroup section */

/* Begin PBXNativeTarget section */
		0FA3865FC16D4B79A4D05842 /* Niya */ = {
			isa = PBXNativeTarget;
			buildConfigurationList = E5A9711357B847A38407CC88 /* Build configuration list for PBXNativeTarget "Niya" */;
			buildPhases = (
				67E3051687F2450ABFB349FC /* Sources */,
				042A31E8E10F4EBB8AB724A3 /* Resources */,
				0A1E7B22DFEF44068B3C56B7 /* Frameworks */,
			);
			buildRules = (
			);
			dependencies = (
			);
			name = Niya;
			productName = Niya;
			productReference = E9BEB4D7A24049C3AA5D501E /* Niya.app */;
			productType = "com.apple.product-type.application";
		};
		CCDD33445566778899001122 /* NiyaTests */ = {
			isa = PBXNativeTarget;
			buildConfigurationList = 00AA778899001122334455CC /* Build configuration list for PBXNativeTarget "NiyaTests" */;
			buildPhases = (
				EEFF55667788990011223344 /* Sources */,
				FF00667788990011223344BB /* Frameworks */,
			);
			buildRules = (
			);
			dependencies = (
				44EE112233445566778899AA /* PBXTargetDependency */,
			);
			name = NiyaTests;
			productName = NiyaTests;
			productReference = DDEE44556677889900112233 /* NiyaTests.xctest */;
			productType = "com.apple.product-type.bundle.unit-test";
		};
/* End PBXNativeTarget section */

/* Begin PBXProject section */
		3AEC41037EF14879BF4C6E4F /* Project object */ = {
			isa = PBXProject;
			attributes = {
			};
			buildConfigurationList = 8D2D16C671AD4AEC8B30C3CE /* Build configuration list for PBXProject "Niya" */;
			compatibilityVersion = "Xcode 14.0";
			developmentRegion = en;
			hasScannedForEncodings = 0;
			knownRegions = (
				en,
				Base,
			);
			mainGroup = D351E381AC93477491555176;
			productRefGroup = E9FC323BC1FC498F8953893C /* Products */;
			projectDirPath = "";
			projectRoot = "";
			targets = (
				0FA3865FC16D4B79A4D05842 /* Niya */,
				CCDD33445566778899001122 /* NiyaTests */,
			);
		};
/* End PBXProject section */

/* Begin PBXResourcesBuildPhase section */
		042A31E8E10F4EBB8AB724A3 /* Resources */ = {
			isa = PBXResourcesBuildPhase;
			buildActionMask = 2147483647;
			files = (
				649F5730CCC049A0B074090E /* surahs.json in Resources */,
				6BA1A3790AB54AE7A9A7A01C /* verses_hafs.json in Resources */,
				46E966FD10F048A88592AD24 /* verses_indopak.json in Resources */,
				71995DA862004160B8D2DFA2 /* KFGQPC Uthmanic Script HAFS Regular.otf in Resources */,
				4990ADB800744E70AB694C3B /* ScheherazadeNew-Regular.ttf in Resources */,
				D2357698E40842458DC8E86A /* Assets.xcassets in Resources */,
			);
			runOnlyForDeploymentPostprocessing = 0;
		};
/* End PBXResourcesBuildPhase section */

/* Begin PBXSourcesBuildPhase section */
		67E3051687F2450ABFB349FC /* Sources */ = {
			isa = PBXSourcesBuildPhase;
			buildActionMask = 2147483647;
			files = (
				9CF474B2A2EA461789DC79A9 /* NiyaApp.swift in Sources */,
				46177F4C7CDF414A91CE9E5C /* ContentView.swift in Sources */,
				DCA19A20E02841C6BC8B04AF /* QuranScript.swift in Sources */,
				56230301E0A14B2AB3968A37 /* Surah.swift in Sources */,
				ABA249230DA846C3BEF4F74B /* Verse.swift in Sources */,
				B1F430DC4C52437C9500A5A5 /* AudioDownload.swift in Sources */,
				4A6173F0F5934E74B6A05333 /* QuranDataService.swift in Sources */,
				BA52B83C29CC40C8B9EB4D8C /* AudioService.swift in Sources */,
				473D44004965486DB23742E0 /* DownloadStore.swift in Sources */,
				C7EE1FD8E48B4F4097375A79 /* SurahListViewModel.swift in Sources */,
				473E3F1B2DF741DC88620CBE /* ReaderViewModel.swift in Sources */,
				D2BD2C310ABA42889D62A938 /* AudioPlayerViewModel.swift in Sources */,
				4654508FE9F5499BBED9B1B9 /* SurahListView.swift in Sources */,
				D35211FD8278440CA14C9E4B /* SurahRowView.swift in Sources */,
				F77FEF147FC94B25906E95B9 /* SurahSearchView.swift in Sources */,
				3FB96C6F076B457E8B0DAEC6 /* ReaderContainerView.swift in Sources */,
				89EC96578CD643618071692E /* ScrollReaderView.swift in Sources */,
				3DDFB41A5FBD4F6EA3A69713 /* PageReaderView.swift in Sources */,
				8FCFDF8B2DF44F90BE9EC821 /* VerseRowView.swift in Sources */,
				0D7A5F475E344DDBBBDCA5BB /* MushaPageView.swift in Sources */,
				BA8B0C1B4ED348608AAB24E7 /* AudioPlayerBar.swift in Sources */,
				C2EB5C207EEC4F99B0BD4B20 /* SettingsView.swift in Sources */,
				8F709DD2179D47E5B99A27A7 /* NiyaColors.swift in Sources */,
				5369990594F74C9785CC5EF4 /* NiyaFonts.swift in Sources */,
				E90EAF86C56E48ED977014B0 /* NiyaTheme.swift in Sources */,
				AA11BB22CC33DD44EE55FF66 /* ReadingPosition.swift in Sources */,
				A0B1C2D3E4F5061728394A5B /* RecentSearch.swift in Sources */,
				BB22CC33DD44EE55FF661122 /* ReadingPositionStore.swift in Sources */,
				A0B1C2D3E4F5061728394A5C /* RecentSearchStore.swift in Sources */,
				CC33DD44EE55FF6611223344 /* NiyaExtensions.swift in Sources */,
				DD44EE55FF66112233445566 /* ContinueReadingCard.swift in Sources */,
				EE55FF66112233445566AA77 /* HomeView.swift in Sources */,
				A1A2A3A4A5A6A7A8A9B0B1B2 /* ReaderSettingsSheet.swift in Sources */,
			);
			runOnlyForDeploymentPostprocessing = 0;
		};
		EEFF55667788990011223344 /* Sources */ = {
			isa = PBXSourcesBuildPhase;
			buildActionMask = 2147483647;
			files = (
				FF66112233445566AA778899 /* ReadingPositionModelTests.swift in Sources */,
				1122334455667788AABB99CC /* ReadingPositionStoreTests.swift in Sources */,
				2233445566778899AABBCCDD /* ReaderViewModelTests.swift in Sources */,
				334455667788AABB99CCDDEE /* ContinueReadingCardTests.swift in Sources */,
			);
			runOnlyForDeploymentPostprocessing = 0;
		};
/* End PBXSourcesBuildPhase section */

/* Begin PBXTargetDependency section */
		44EE112233445566778899AA /* PBXTargetDependency */ = {
			isa = PBXTargetDependency;
			target = 0FA3865FC16D4B79A4D05842 /* Niya */;
			targetProxy = 33DD001122334455667788FF /* PBXContainerItemProxy */;
		};
/* End PBXTargetDependency section */

/* Begin XCBuildConfiguration section */
		11009F214C804078A00AF34F /* Debug */ = {
			isa = XCBuildConfiguration;
			buildSettings = {
				ALWAYS_SEARCH_USER_PATHS = NO;
				ASSET_CATALOG_COMPILER_OPTIMIZATION = space;
				CLANG_ANALYZER_NONNULL = YES;
				CLANG_ANALYZER_NUMBER_OBJECT_CONVERSION = YES_AGGRESSIVE;
				CLANG_CXX_LANGUAGE_STANDARD = "gnu++20";
				CLANG_ENABLE_MODULES = YES;
				CLANG_ENABLE_OBJC_ARC = YES;
				CLANG_ENABLE_OBJC_WEAK = YES;
				CLANG_WARN_BLOCK_CAPTURE_AUTORELEASING = YES;
				CLANG_WARN_BOOL_CONVERSION = YES;
				CLANG_WARN_COMMA = YES;
				CLANG_WARN_CONSTANT_CONVERSION = YES;
				CLANG_WARN_DEPRECATED_OBJC_IMPLEMENTATIONS = YES;
				CLANG_WARN_DIRECT_OBJC_ISA_USAGE = YES_ERROR;
				CLANG_WARN_DOCUMENTATION_COMMENTS = YES;
				CLANG_WARN_EMPTY_BODY = YES;
				CLANG_WARN_ENUM_CONVERSION = YES;
				CLANG_WARN_INFINITE_RECURSION = YES;
				CLANG_WARN_INT_CONVERSION = YES;
				CLANG_WARN_NON_LITERAL_NULL_CONVERSION = YES;
				CLANG_WARN_OBJC_IMPLICIT_RETAIN_CYCLE = YES;
				CLANG_WARN_OBJC_LITERAL_CONVERSION = YES;
				CLANG_WARN_OBJC_ROOT_CLASS = YES_ERROR;
				CLANG_WARN_QUOTED_INCLUDE_IN_FRAMEWORK_HEADER = YES;
				CLANG_WARN_RANGE_LOOP_ANALYSIS = YES;
				CLANG_WARN_STRICT_PROTOTYPES = YES;
				CLANG_WARN_SUSPICIOUS_MOVE = YES;
				CLANG_WARN_UNGUARDED_AVAILABILITY = YES_AGGRESSIVE;
				CLANG_WARN_UNREACHABLE_CODE = YES;
				CLANG_WARN__DUPLICATE_METHOD_MATCH = YES;
				COPY_PHASE_STRIP = NO;
				DEBUG_INFORMATION_FORMAT = dwarf;
				ENABLE_STRICT_OBJC_MSGSEND = YES;
				ENABLE_TESTABILITY = YES;
				GCC_C_LANGUAGE_STANDARD = gnu17;
				GCC_DYNAMIC_NO_PIC = NO;
				GCC_NO_COMMON_BLOCKS = YES;
				GCC_OPTIMIZATION_LEVEL = 0;
				GCC_PREPROCESSOR_DEFINITIONS = (
					"DEBUG=1",
					"$(inherited)",
				);
				GCC_WARN_64_TO_32_BIT_CONVERSION = YES;
				GCC_WARN_ABOUT_RETURN_TYPE = YES_ERROR;
				GCC_WARN_UNDECLARED_SELECTOR = YES;
				GCC_WARN_UNINITIALIZED_AUTOS = YES_AGGRESSIVE;
				GCC_WARN_UNUSED_FUNCTION = YES;
				GCC_WARN_UNUSED_VARIABLE = YES;
				IPHONEOS_DEPLOYMENT_TARGET = 26.0;
				MTL_ENABLE_DEBUG_INFO = INCLUDE_SOURCE;
				MTL_FAST_MATH = YES;
				ONLY_ACTIVE_ARCH = YES;
				SDKROOT = iphoneos;
				SWIFT_ACTIVE_COMPILATION_CONDITIONS = DEBUG;
				SWIFT_OPTIMIZATION_LEVEL = "-Onone";
				VALIDATE_PRODUCT = NO;
			};
			name = Debug;
		};
		11BB889900112233445566DD /* Debug */ = {
			isa = XCBuildConfiguration;
			buildSettings = {
				BUNDLE_LOADER = "$(TEST_HOST)";
				CODE_SIGN_STYLE = Automatic;
				CURRENT_PROJECT_VERSION = 1;
				GENERATE_INFOPLIST_FILE = YES;
				IPHONEOS_DEPLOYMENT_TARGET = 26.0;
				MARKETING_VERSION = 1.0;
				PRODUCT_BUNDLE_IDENTIFIER = com.niya.app.tests;
				PRODUCT_NAME = "$(TARGET_NAME)";
				SDKROOT = iphoneos;
				SWIFT_STRICT_CONCURRENCY = complete;
				SWIFT_VERSION = 6.2;
				TARGETED_DEVICE_FAMILY = "1,2";
				TEST_HOST = "$(BUILT_PRODUCTS_DIR)/Niya.app/$(BUNDLE_EXECUTABLE_FOLDER_PATH)/Niya";
			};
			name = Debug;
		};
		22CC990011223344556677EE /* Release */ = {
			isa = XCBuildConfiguration;
			buildSettings = {
				BUNDLE_LOADER = "$(TEST_HOST)";
				CODE_SIGN_STYLE = Automatic;
				CURRENT_PROJECT_VERSION = 1;
				GENERATE_INFOPLIST_FILE = YES;
				IPHONEOS_DEPLOYMENT_TARGET = 26.0;
				MARKETING_VERSION = 1.0;
				PRODUCT_BUNDLE_IDENTIFIER = com.niya.app.tests;
				PRODUCT_NAME = "$(TARGET_NAME)";
				SDKROOT = iphoneos;
				SWIFT_STRICT_CONCURRENCY = complete;
				SWIFT_VERSION = 6.2;
				TARGETED_DEVICE_FAMILY = "1,2";
				TEST_HOST = "$(BUILT_PRODUCTS_DIR)/Niya.app/$(BUNDLE_EXECUTABLE_FOLDER_PATH)/Niya";
			};
			name = Release;
		};
		431BC30B2F8D4C4E8475DE7B /* Release */ = {
			isa = XCBuildConfiguration;
			buildSettings = {
				CODE_SIGN_STYLE = Automatic;
				CURRENT_PROJECT_VERSION = 1;
				DEVELOPMENT_TEAM = MYGKXH6TY4;
				INFOPLIST_FILE = Niya/Info.plist;
				IPHONEOS_DEPLOYMENT_TARGET = 26.0;
				LD_RUNPATH_SEARCH_PATHS = (
					"$(inherited)",
					"@executable_path/Frameworks",
				);
				MARKETING_VERSION = 1.0;
				PRODUCT_BUNDLE_IDENTIFIER = com.niya.app;
				PRODUCT_NAME = "$(TARGET_NAME)";
				SDKROOT = iphoneos;
				SWIFT_STRICT_CONCURRENCY = complete;
				SWIFT_VERSION = 6.2;
				TARGETED_DEVICE_FAMILY = "1,2";
			};
			name = Release;
		};
		6A4686FAAE5C425A938E99FF /* Release */ = {
			isa = XCBuildConfiguration;
			buildSettings = {
				ALWAYS_SEARCH_USER_PATHS = NO;
				ASSET_CATALOG_COMPILER_OPTIMIZATION = space;
				CLANG_ANALYZER_NONNULL = YES;
				CLANG_ANALYZER_NUMBER_OBJECT_CONVERSION = YES_AGGRESSIVE;
				CLANG_CXX_LANGUAGE_STANDARD = "gnu++20";
				CLANG_ENABLE_MODULES = YES;
				CLANG_ENABLE_OBJC_ARC = YES;
				CLANG_ENABLE_OBJC_WEAK = YES;
				CLANG_WARN_BLOCK_CAPTURE_AUTORELEASING = YES;
				CLANG_WARN_BOOL_CONVERSION = YES;
				CLANG_WARN_COMMA = YES;
				CLANG_WARN_CONSTANT_CONVERSION = YES;
				CLANG_WARN_DEPRECATED_OBJC_IMPLEMENTATIONS = YES;
				CLANG_WARN_DIRECT_OBJC_ISA_USAGE = YES_ERROR;
				CLANG_WARN_DOCUMENTATION_COMMENTS = YES;
				CLANG_WARN_EMPTY_BODY = YES;
				CLANG_WARN_ENUM_CONVERSION = YES;
				CLANG_WARN_INFINITE_RECURSION = YES;
				CLANG_WARN_INT_CONVERSION = YES;
				CLANG_WARN_NON_LITERAL_NULL_CONVERSION = YES;
				CLANG_WARN_OBJC_IMPLICIT_RETAIN_CYCLE = YES;
				CLANG_WARN_OBJC_LITERAL_CONVERSION = YES;
				CLANG_WARN_OBJC_ROOT_CLASS = YES_ERROR;
				CLANG_WARN_QUOTED_INCLUDE_IN_FRAMEWORK_HEADER = YES;
				CLANG_WARN_RANGE_LOOP_ANALYSIS = YES;
				CLANG_WARN_STRICT_PROTOTYPES = YES;
				CLANG_WARN_SUSPICIOUS_MOVE = YES;
				CLANG_WARN_UNGUARDED_AVAILABILITY = YES_AGGRESSIVE;
				CLANG_WARN_UNREACHABLE_CODE = YES;
				CLANG_WARN__DUPLICATE_METHOD_MATCH = YES;
				COPY_PHASE_STRIP = NO;
				DEBUG_INFORMATION_FORMAT = "dwarf-with-dsym";
				ENABLE_STRICT_OBJC_MSGSEND = YES;
				ENABLE_TESTABILITY = NO;
				GCC_C_LANGUAGE_STANDARD = gnu17;
				GCC_DYNAMIC_NO_PIC = YES;
				GCC_NO_COMMON_BLOCKS = YES;
				GCC_OPTIMIZATION_LEVEL = s;
				GCC_PREPROCESSOR_DEFINITIONS = "$(inherited)";
				GCC_WARN_64_TO_32_BIT_CONVERSION = YES;
				GCC_WARN_ABOUT_RETURN_TYPE = YES_ERROR;
				GCC_WARN_UNDECLARED_SELECTOR = YES;
				GCC_WARN_UNINITIALIZED_AUTOS = YES_AGGRESSIVE;
				GCC_WARN_UNUSED_FUNCTION = YES;
				GCC_WARN_UNUSED_VARIABLE = YES;
				IPHONEOS_DEPLOYMENT_TARGET = 26.0;
				MTL_ENABLE_DEBUG_INFO = NO;
				MTL_FAST_MATH = YES;
				ONLY_ACTIVE_ARCH = NO;
				SDKROOT = iphoneos;
				SWIFT_ACTIVE_COMPILATION_CONDITIONS = "";
				SWIFT_OPTIMIZATION_LEVEL = "-O";
				VALIDATE_PRODUCT = YES;
			};
			name = Release;
		};
		A710353FDEBA4D57AA039530 /* Debug */ = {
			isa = XCBuildConfiguration;
			buildSettings = {
				CODE_SIGN_STYLE = Automatic;
				CURRENT_PROJECT_VERSION = 1;
				DEVELOPMENT_TEAM = MYGKXH6TY4;
				INFOPLIST_FILE = Niya/Info.plist;
				IPHONEOS_DEPLOYMENT_TARGET = 26.0;
				LD_RUNPATH_SEARCH_PATHS = (
					"$(inherited)",
					"@executable_path/Frameworks",
				);
				MARKETING_VERSION = 1.0;
				PRODUCT_BUNDLE_IDENTIFIER = com.niya.app;
				PRODUCT_NAME = "$(TARGET_NAME)";
				SDKROOT = iphoneos;
				SWIFT_STRICT_CONCURRENCY = complete;
				SWIFT_VERSION = 6.2;
				TARGETED_DEVICE_FAMILY = "1,2";
			};
			name = Debug;
		};
/* End XCBuildConfiguration section */

/* Begin XCConfigurationList section */
		00AA778899001122334455CC /* Build configuration list for PBXNativeTarget "NiyaTests" */ = {
			isa = XCConfigurationList;
			buildConfigurations = (
				11BB889900112233445566DD /* Debug */,
				22CC990011223344556677EE /* Release */,
			);
			defaultConfigurationIsVisible = 0;
			defaultConfigurationName = Release;
		};
		8D2D16C671AD4AEC8B30C3CE /* Build configuration list for PBXProject "Niya" */ = {
			isa = XCConfigurationList;
			buildConfigurations = (
				11009F214C804078A00AF34F /* Debug */,
				6A4686FAAE5C425A938E99FF /* Release */,
			);
			defaultConfigurationIsVisible = 0;
			defaultConfigurationName = Release;
		};
		E5A9711357B847A38407CC88 /* Build configuration list for PBXNativeTarget "Niya" */ = {
			isa = XCConfigurationList;
			buildConfigurations = (
				A710353FDEBA4D57AA039530 /* Debug */,
				431BC30B2F8D4C4E8475DE7B /* Release */,
			);
			defaultConfigurationIsVisible = 0;
			defaultConfigurationName = Release;
		};
/* End XCConfigurationList section */
	};
	rootObject = 3AEC41037EF14879BF4C6E4F /* Project object */;
}
