// !$*UTF8*$!
{
	archiveVersion = 1;
	classes = {
	};
	objectVersion = 77;
	objects = {

/* Begin PBXBuildFile section */
		EDDFDE74DF734CB7A7438168 /* NiyaApp.swift in Sources */ = {isa = PBXBuildFile; fileRef = 9BDD2F1BB93F4FBBA10A9B39 /* NiyaApp.swift */; };
		BC5B598044314962AC749886 /* ContentView.swift in Sources */ = {isa = PBXBuildFile; fileRef = 54C3FE6F9C84485F825A1932 /* ContentView.swift */; };
		1ED38F85BC9549BFACA53493 /* QuranScript.swift in Sources */ = {isa = PBXBuildFile; fileRef = E872E66E6D70455EA969FFAC /* QuranScript.swift */; };
		78661A8524D94D4F8B986BA9 /* Surah.swift in Sources */ = {isa = PBXBuildFile; fileRef = F03EDD2129C84E929EEBB86D /* Surah.swift */; };
		4728CF63501549D1A51138DD /* Verse.swift in Sources */ = {isa = PBXBuildFile; fileRef = 15E496AE279545DC81CAEC5E /* Verse.swift */; };
		65CE6C6B035E465F82350E20 /* AudioDownload.swift in Sources */ = {isa = PBXBuildFile; fileRef = A03C873BD0B64258A5CEFF33 /* AudioDownload.swift */; };
		C461931D8FBD4A09853734C1 /* ReadingPosition.swift in Sources */ = {isa = PBXBuildFile; fileRef = 6065BB3164B24063A5AD3F8F /* ReadingPosition.swift */; };
		20458E36F97545149639E361 /* RecentSearch.swift in Sources */ = {isa = PBXBuildFile; fileRef = 10250602282D4DFFAA7D34FD /* RecentSearch.swift */; };
		B307E2C105CA44BF94AA80BD /* HadithCollection.swift in Sources */ = {isa = PBXBuildFile; fileRef = 1CC035DAD7B94BF8BF8A468E /* HadithCollection.swift */; };
		1B47ED28416F4B278D8B782A /* HadithChapter.swift in Sources */ = {isa = PBXBuildFile; fileRef = 3969DC9AEF2B41AEB9E959CF /* HadithChapter.swift */; };
		BBAD8E44656B4DF0AF4B92C3 /* Hadith.swift in Sources */ = {isa = PBXBuildFile; fileRef = 0E46D63C24D14264B0623059 /* Hadith.swift */; };
		6CDABAD5F523429C96F8E9CD /* HadithGrade.swift in Sources */ = {isa = PBXBuildFile; fileRef = 252A788427C24B79A1F3FD4E /* HadithGrade.swift */; };
		E3B5EBAD28AB40EC8DB65601 /* HadithBookmark.swift in Sources */ = {isa = PBXBuildFile; fileRef = B22EAD189B534067B880C682 /* HadithBookmark.swift */; };
		A8E6B1D833AA4CB88FB71F86 /* QuranBookmark.swift in Sources */ = {isa = PBXBuildFile; fileRef = 68630EE030B4417380231D9F /* QuranBookmark.swift */; };
		2E972AD9B8DE4BE286FC2CE7 /* DuaSection.swift in Sources */ = {isa = PBXBuildFile; fileRef = 2A99113835194861B854A914 /* DuaSection.swift */; };
		EE04C0E310D44B75B89E09DF /* DuaCategory.swift in Sources */ = {isa = PBXBuildFile; fileRef = E272D25C82814425909CCFA2 /* DuaCategory.swift */; };
		070CE808A7CA4C4C8CB93E1E /* Dua.swift in Sources */ = {isa = PBXBuildFile; fileRef = DE587110E3A44DA6BF375BD7 /* Dua.swift */; };
		583B5BA6D71E49FCAD05A810 /* DuaBookmark.swift in Sources */ = {isa = PBXBuildFile; fileRef = 46882C5981764DC9B61A0367 /* DuaBookmark.swift */; };
		785D0ACC62FA4970AC7744C6 /* RecentHadith.swift in Sources */ = {isa = PBXBuildFile; fileRef = FA70B2CEA26C42B0B61A133C /* RecentHadith.swift */; };
		EDF7D19CB5AE4772AC07AE04 /* RecentDua.swift in Sources */ = {isa = PBXBuildFile; fileRef = AE269CD28DC94D9DBAF3F108 /* RecentDua.swift */; };
		9BDC896993FF4FB3AF6612CA /* TajweedRule.swift in Sources */ = {isa = PBXBuildFile; fileRef = FB2087C49D8B4A5F9FFABB1A /* TajweedRule.swift */; };
		203C861F7F7C43C488FCFFF3 /* TajweedAnnotation.swift in Sources */ = {isa = PBXBuildFile; fileRef = 3BBA425D4DF048EC80E1E439 /* TajweedAnnotation.swift */; };
		E76BF0D427CC4F42B20527B4 /* TajweedVerse.swift in Sources */ = {isa = PBXBuildFile; fileRef = 1ABB4A9A9F39411EB8C16A39 /* TajweedVerse.swift */; };
		57913CC86749413C90B13C23 /* Word.swift in Sources */ = {isa = PBXBuildFile; fileRef = 65787435850D42008458EA59 /* Word.swift */; };
		EA7C9FA098804B7B8568335B /* QuranDataService.swift in Sources */ = {isa = PBXBuildFile; fileRef = 6D92746A10B9434886933CC3 /* QuranDataService.swift */; };
		72416520E0E64A4A86D3C26A /* AudioService.swift in Sources */ = {isa = PBXBuildFile; fileRef = 9EEDE44C5EE442ECBFC1A36C /* AudioService.swift */; };
		5C29F384A211417C891A1F66 /* DownloadStore.swift in Sources */ = {isa = PBXBuildFile; fileRef = C5FC763B061045BC8E02028E /* DownloadStore.swift */; };
		23E9C5CF6EBB49F0937A6B81 /* ReadingPositionStore.swift in Sources */ = {isa = PBXBuildFile; fileRef = 06FBAD552B304AC5A6493209 /* ReadingPositionStore.swift */; };
		C52D0FFAF4604691BA8FF823 /* RecentSearchStore.swift in Sources */ = {isa = PBXBuildFile; fileRef = 7E51FE9D266A4AE4BC56DCFD /* RecentSearchStore.swift */; };
		9CCFBD260811428CAE31F52F /* HadithDataService.swift in Sources */ = {isa = PBXBuildFile; fileRef = 7B5D84F233E944C1BAEE1DD7 /* HadithDataService.swift */; };
		1A260DC7465D42C89BE50D3D /* HadithBookmarkStore.swift in Sources */ = {isa = PBXBuildFile; fileRef = 225ECDBA9A00418AAE84DF32 /* HadithBookmarkStore.swift */; };
		70D0591B42464D81848E7377 /* QuranBookmarkStore.swift in Sources */ = {isa = PBXBuildFile; fileRef = 6493EF53E8E9454D9F6DB024 /* QuranBookmarkStore.swift */; };
		44AAC91304DB40AD90F03C49 /* DuaDataService.swift in Sources */ = {isa = PBXBuildFile; fileRef = 45D937F8856C4ABD9DD40603 /* DuaDataService.swift */; };
		67E20B8E78ED4C5B9A11ABFA /* DuaBookmarkStore.swift in Sources */ = {isa = PBXBuildFile; fileRef = 9E135CB43EA64C388FBB7E51 /* DuaBookmarkStore.swift */; };
		FB4C5D1A74164EE0A6AE578B /* RecentHadithStore.swift in Sources */ = {isa = PBXBuildFile; fileRef = 55467B7672AC4F64AFE28EF3 /* RecentHadithStore.swift */; };
		39CADB33D9284CC2910E2F6B /* RecentDuaStore.swift in Sources */ = {isa = PBXBuildFile; fileRef = B89D86E52C0845F4B28541F8 /* RecentDuaStore.swift */; };
		DB3D679C3B5141C2B476D799 /* TajweedService.swift in Sources */ = {isa = PBXBuildFile; fileRef = 1B58DA58C0314A8DAB937A34 /* TajweedService.swift */; };
		2A5744FBE23D4D8EBEF00607 /* WordDataService.swift in Sources */ = {isa = PBXBuildFile; fileRef = 21F2906CB21243A09FCAB2C0 /* WordDataService.swift */; };
		5B49472CA9934DF9868F5885 /* SurahListViewModel.swift in Sources */ = {isa = PBXBuildFile; fileRef = F30AB8CE8821459AADCA7B8C /* SurahListViewModel.swift */; };
		66685419CF8F4FA982278490 /* ReaderViewModel.swift in Sources */ = {isa = PBXBuildFile; fileRef = 1EF59DFD120C4AFE9545BD88 /* ReaderViewModel.swift */; };
		4FDB0BE7339648AF9E5631B9 /* AudioPlayerViewModel.swift in Sources */ = {isa = PBXBuildFile; fileRef = FC8607ADCA5D4AD082DF2E8F /* AudioPlayerViewModel.swift */; };
		8B02745FA3114E678A535D88 /* FollowAlongViewModel.swift in Sources */ = {isa = PBXBuildFile; fileRef = 03CA91257F6A48BC96A0B3B3 /* FollowAlongViewModel.swift */; };
		A3075E3B78D14E9799EC67F8 /* SurahListView.swift in Sources */ = {isa = PBXBuildFile; fileRef = 8C75B975B6E941589EA3217F /* SurahListView.swift */; };
		0F143555D0FB4E708ED1AD75 /* SurahRowView.swift in Sources */ = {isa = PBXBuildFile; fileRef = 07C4F74415DA442FAFD0548A /* SurahRowView.swift */; };
		B101DCFE65064F92871EEAA6 /* SurahSearchView.swift in Sources */ = {isa = PBXBuildFile; fileRef = 6833CA7B425F422BBC71D7F2 /* SurahSearchView.swift */; };
		DFCFFAE1746D4AF0A7C96BEB /* ReaderContainerView.swift in Sources */ = {isa = PBXBuildFile; fileRef = C2BACDCB845D41FFB7153D52 /* ReaderContainerView.swift */; };
		B00CF2DD0E674D6EB3F882D9 /* ScrollReaderView.swift in Sources */ = {isa = PBXBuildFile; fileRef = 3282DD7A09F8450A8A2F3826 /* ScrollReaderView.swift */; };
		499920B49CBE4B14BBF80075 /* PageReaderView.swift in Sources */ = {isa = PBXBuildFile; fileRef = 55B3D8314FB34635852283E9 /* PageReaderView.swift */; };
		0CAC39E5F6024ABCA0E0DD37 /* VerseRowView.swift in Sources */ = {isa = PBXBuildFile; fileRef = 395EAD7A8F95466FBFE5828E /* VerseRowView.swift */; };
		3C66F13DB0584D42B1F0385D /* MushaPageView.swift in Sources */ = {isa = PBXBuildFile; fileRef = 8337321D35CA425FB9E80CE9 /* MushaPageView.swift */; };
		F70D2ADF375B4E02AC6DAE66 /* ReaderSettingsSheet.swift in Sources */ = {isa = PBXBuildFile; fileRef = CA5E51C1C91F40A787B505F5 /* ReaderSettingsSheet.swift */; };
		4F1809D20EB34C028DF9CE5C /* TajweedTextView.swift in Sources */ = {isa = PBXBuildFile; fileRef = 8125C129A4B24A85A75FF14F /* TajweedTextView.swift */; };
		F757AD1313C54891862D2965 /* FollowAlongVerseView.swift in Sources */ = {isa = PBXBuildFile; fileRef = FA0D170682424900A245C3EC /* FollowAlongVerseView.swift */; };
		7D22A0B9A77649548D481DE8 /* FollowAlongControlsView.swift in Sources */ = {isa = PBXBuildFile; fileRef = 79E04B30ECCB4FFFB1E80CE2 /* FollowAlongControlsView.swift */; };
		D83C1F9E4D1D4E468E91BEAC /* WordView.swift in Sources */ = {isa = PBXBuildFile; fileRef = 986100DC83C84CE2A5BCE65B /* WordView.swift */; };
		78CF1055130A43B4AA1E64B7 /* VerseCellView.swift in Sources */ = {isa = PBXBuildFile; fileRef = 1ACE9DF824834D80A1827079 /* VerseCellView.swift */; };
		17E41187F16741FEA4E363EA /* AudioPlayerBar.swift in Sources */ = {isa = PBXBuildFile; fileRef = 029464B0693C4CEB86E94113 /* AudioPlayerBar.swift */; };
		91A6359253CB4E94A313D99C /* HomeView.swift in Sources */ = {isa = PBXBuildFile; fileRef = 08BAE8C6D5F640F09035295F /* HomeView.swift */; };
		FB28C86227034CA6AEBD696E /* ContinueReadingCard.swift in Sources */ = {isa = PBXBuildFile; fileRef = 5E0D0AAE721E4C7BAF10AFF7 /* ContinueReadingCard.swift */; };
		9A4EDE8DAA1F449F94F50E98 /* RecentHadithCard.swift in Sources */ = {isa = PBXBuildFile; fileRef = 846DD9CC754D4FD9A52BAAC4 /* RecentHadithCard.swift */; };
		AD491AFE1C304935B037FD22 /* RecentDuaCard.swift in Sources */ = {isa = PBXBuildFile; fileRef = D7ECE2B2678743A8827888DE /* RecentDuaCard.swift */; };
		BC3647C22CCE49AA9B98961C /* BookmarksView.swift in Sources */ = {isa = PBXBuildFile; fileRef = 79AE8A336AAF417C81F5CB3E /* BookmarksView.swift */; };
		719B84F38DEA4650B280E15E /* SettingsView.swift in Sources */ = {isa = PBXBuildFile; fileRef = 4831948351A844A8A170A912 /* SettingsView.swift */; };
		17861F05C638450DA4D1E541 /* HadithTabView.swift in Sources */ = {isa = PBXBuildFile; fileRef = 78B0239291F7449592A70B4D /* HadithTabView.swift */; };
		3E311478A9A849DE8138D483 /* HadithCollectionCard.swift in Sources */ = {isa = PBXBuildFile; fileRef = D41C4C9E4FD743EC8D526650 /* HadithCollectionCard.swift */; };
		9F57B270AA164083A76D7F1E /* HadithCollectionView.swift in Sources */ = {isa = PBXBuildFile; fileRef = D544CE3031164C7C98C0D7D6 /* HadithCollectionView.swift */; };
		3F4F1771E0064644B30BDF1D /* HadithChapterRow.swift in Sources */ = {isa = PBXBuildFile; fileRef = 8883D887BBFA49BF857B04D3 /* HadithChapterRow.swift */; };
		5D725A213281417A87B3B6B8 /* HadithChapterView.swift in Sources */ = {isa = PBXBuildFile; fileRef = E3B205D25214406DB7369643 /* HadithChapterView.swift */; };
		52113870CD4E4A5F9C5A37FD /* HadithRowView.swift in Sources */ = {isa = PBXBuildFile; fileRef = 2998D718DC0943448378CF9E /* HadithRowView.swift */; };
		28B4F265A06F4C06B56BA42C /* HadithDetailView.swift in Sources */ = {isa = PBXBuildFile; fileRef = BCE6365B62044FD88AD0BCCE /* HadithDetailView.swift */; };
		CDD31A99AEB2486B979AC486 /* HadithBookmarksView.swift in Sources */ = {isa = PBXBuildFile; fileRef = EFC2EE91D90B4A2BAF3AA47B /* HadithBookmarksView.swift */; };
		5DAA80A596814E63AD6A6A7E /* HadithSearchResultRow.swift in Sources */ = {isa = PBXBuildFile; fileRef = 32588AD8A4B54E74B41FB312 /* HadithSearchResultRow.swift */; };
		04D7F19BA82C449C9AD1AA0E /* DuaTabView.swift in Sources */ = {isa = PBXBuildFile; fileRef = 3AA8FDA3176340C4A5C8D625 /* DuaTabView.swift */; };
		A5529641B7384F54842675EA /* DuaSectionView.swift in Sources */ = {isa = PBXBuildFile; fileRef = CEDFB90D0EDC49D99EE3C21B /* DuaSectionView.swift */; };
		3E16258597B34CC5A7F742BA /* DuaRowView.swift in Sources */ = {isa = PBXBuildFile; fileRef = 3DD03E1321D54659B03BF238 /* DuaRowView.swift */; };
		C95F4BE77A4F4FB990070EEA /* DuaDetailView.swift in Sources */ = {isa = PBXBuildFile; fileRef = 3E6EF40F320F420BB59D0952 /* DuaDetailView.swift */; };
		ABDECEF180144B38BAC1A917 /* DuaSearchResultRow.swift in Sources */ = {isa = PBXBuildFile; fileRef = 15F27A03C1F1450EB14EC89D /* DuaSearchResultRow.swift */; };
		5DDB37EDA5CA40C7BD0C8815 /* NiyaColors.swift in Sources */ = {isa = PBXBuildFile; fileRef = CC1068F10FF34BD28423A8CF /* NiyaColors.swift */; };
		41F3824ABE6C4EBABBE3A22A /* NiyaFonts.swift in Sources */ = {isa = PBXBuildFile; fileRef = 201B5CD90E1A4511ACEDD43A /* NiyaFonts.swift */; };
		6FCD4D7399E04E889EC87823 /* NiyaTheme.swift in Sources */ = {isa = PBXBuildFile; fileRef = 931DEACAC960427695EE3F27 /* NiyaTheme.swift */; };
		7858431500BA44C882AE2859 /* NiyaExtensions.swift in Sources */ = {isa = PBXBuildFile; fileRef = AEEBE1BB939F43BDB4E99B0E /* NiyaExtensions.swift */; };
		5AF1C1766E2E465FB472FF89 /* NiyaToolbar.swift in Sources */ = {isa = PBXBuildFile; fileRef = F06FD809AEF84C098AE6BC48 /* NiyaToolbar.swift */; };
		E33B7E7EC4EF4634B0677FFC /* FlowLayout.swift in Sources */ = {isa = PBXBuildFile; fileRef = 375E9BFD19D943B49D514767 /* FlowLayout.swift */; };
		723964AE45E0483080AEB46A /* surahs.json in Resources */ = {isa = PBXBuildFile; fileRef = B0A84224B7DF4ADAB9299570 /* surahs.json */; };
		1C468C2E9D3F40F6975B4403 /* verses_hafs.json in Resources */ = {isa = PBXBuildFile; fileRef = E8E8E2E5AF76462CB53B07D8 /* verses_hafs.json */; };
		265BE720686E497DAE879914 /* verses_indopak.json in Resources */ = {isa = PBXBuildFile; fileRef = 02349BB098894A6BB5BB3ED8 /* verses_indopak.json */; };
		DA549C106EED486F97C2D5C0 /* hadith_collections.json in Resources */ = {isa = PBXBuildFile; fileRef = 093834C397944374AFCE506D /* hadith_collections.json */; };
		93C4A541A7924149A466233A /* hadith_bukhari.json in Resources */ = {isa = PBXBuildFile; fileRef = BFA87AFF77474EBD90D55337 /* hadith_bukhari.json */; };
		61D91650F23747B89E587963 /* hadith_muslim.json in Resources */ = {isa = PBXBuildFile; fileRef = 5C1D89ED65984147B9A48A3F /* hadith_muslim.json */; };
		0AF829BC260345F787C0431B /* hadith_abudawud.json in Resources */ = {isa = PBXBuildFile; fileRef = 98442985EF814D20940AF6A8 /* hadith_abudawud.json */; };
		04650AB40FCA4FF4B4625278 /* hadith_tirmidhi.json in Resources */ = {isa = PBXBuildFile; fileRef = A4A9F14A4CEE4FCC83B2BC66 /* hadith_tirmidhi.json */; };
		AB0BB0C9A0694A80AAE98984 /* hadith_nasai.json in Resources */ = {isa = PBXBuildFile; fileRef = 892DD8F155B949E9B13FADEE /* hadith_nasai.json */; };
		109F2F6F11C34D87A816EA35 /* hadith_ibnmajah.json in Resources */ = {isa = PBXBuildFile; fileRef = E702E0C3E2D545CE9DA04DAB /* hadith_ibnmajah.json */; };
		64E2D45F33BA4AD789865F9E /* hadith_malik.json in Resources */ = {isa = PBXBuildFile; fileRef = A081C35CC6C74BC4A790D82E /* hadith_malik.json */; };
		CB19EF4F3E1742759B400EB4 /* hadith_ahmed.json in Resources */ = {isa = PBXBuildFile; fileRef = 423EC1E7ABB946DAA68DF2C2 /* hadith_ahmed.json */; };
		E2DC0F76D5AA4518AC62B5ED /* hadith_darimi.json in Resources */ = {isa = PBXBuildFile; fileRef = 49ED3C7633554ACCA6315F4A /* hadith_darimi.json */; };
		146366360C82411BAD1E6831 /* hadith_nawawi.json in Resources */ = {isa = PBXBuildFile; fileRef = A6328C3BB75A4FA29E38A646 /* hadith_nawawi.json */; };
		E7C6E1387B8046D8ADE568FC /* hadith_qudsi.json in Resources */ = {isa = PBXBuildFile; fileRef = 7B12665579BC46409928D889 /* hadith_qudsi.json */; };
		0C42DBA4F56242CCBD97E5B2 /* hadith_dehlawi.json in Resources */ = {isa = PBXBuildFile; fileRef = 69E4C2C480844EEB9B353247 /* hadith_dehlawi.json */; };
		EBA0BAC27C804CD8BAADCC7C /* hadith_aladab.json in Resources */ = {isa = PBXBuildFile; fileRef = CC22D8070235481C86435B4B /* hadith_aladab.json */; };
		A3AEF4EC241C4381970B1AF8 /* hadith_bulugh.json in Resources */ = {isa = PBXBuildFile; fileRef = E30A000622BA44EBB97150A9 /* hadith_bulugh.json */; };
		2EB9CD8A6C0B4991BB16AF61 /* hadith_mishkat.json in Resources */ = {isa = PBXBuildFile; fileRef = 30B7872EF6F149CFA0C4C8AE /* hadith_mishkat.json */; };
		3C56A7A47AAE4C9B9D9FE5EE /* hadith_riyad.json in Resources */ = {isa = PBXBuildFile; fileRef = D6513058E329449FB7966E87 /* hadith_riyad.json */; };
		B566EB20A9A746CE91622EDA /* hadith_shamail.json in Resources */ = {isa = PBXBuildFile; fileRef = 1C2F0716E4EC4EEC9944F4C0 /* hadith_shamail.json */; };
		81DBA9D9608E42399BE0B305 /* dua_all.json in Resources */ = {isa = PBXBuildFile; fileRef = 7E96C6B1179447CE8331939C /* dua_all.json */; };
		2877EA43D2124B3AAFF96D52 /* word_data.json in Resources */ = {isa = PBXBuildFile; fileRef = 5FFB2010F58843D1B5EB30F9 /* word_data.json */; };
		3A60B2D14F604CD9A02908D3 /* KFGQPC Uthmanic Script HAFS Regular.otf in Resources */ = {isa = PBXBuildFile; fileRef = 7AE994F1FEE24277B2A52CF4 /* KFGQPC Uthmanic Script HAFS Regular.otf */; };
		54C09359D0A84C59A9F9E72B /* ScheherazadeNew-Regular.ttf in Resources */ = {isa = PBXBuildFile; fileRef = EAE84EB5CDC544F7B0732E2A /* ScheherazadeNew-Regular.ttf */; };
		577649F4A2264A9E9DCC70E8 /* NotoNaskhArabic-Regular.ttf in Resources */ = {isa = PBXBuildFile; fileRef = F6DDEB0BAC3C42FB933995CB /* NotoNaskhArabic-Regular.ttf */; };
		44EB38D0F46E4FC7A5DBE9DE /* Assets.xcassets in Resources */ = {isa = PBXBuildFile; fileRef = B7D3124728EB4D48BC61D999 /* Assets.xcassets */; };
		EA1083A90A4149648793CDCA /* SwiftData.framework in Frameworks */ = {isa = PBXBuildFile; fileRef = 5A893B653F984579909C87AB /* SwiftData.framework */; };
		D686E91881814346A18612DA /* AVFoundation.framework in Frameworks */ = {isa = PBXBuildFile; fileRef = 7904F4D728994CD6BE16F977 /* AVFoundation.framework */; };
		5F6340D186DE4193A1020FCB /* ReadingPositionModelTests.swift in Sources */ = {isa = PBXBuildFile; fileRef = 5F64677E7BFF4BE781FEF7C4 /* ReadingPositionModelTests.swift */; };
		1A67FDB32B8245AFBC8BA618 /* ReadingPositionStoreTests.swift in Sources */ = {isa = PBXBuildFile; fileRef = EE0FA86777B54B25912C04A7 /* ReadingPositionStoreTests.swift */; };
		A850EBC35AAC4F53A7DAFB59 /* ContinueReadingCardTests.swift in Sources */ = {isa = PBXBuildFile; fileRef = 37A6A9F0E16249B388B36CAA /* ContinueReadingCardTests.swift */; };
		464CF928E12F437F87F6A1EB /* ReaderViewModelTests.swift in Sources */ = {isa = PBXBuildFile; fileRef = 6C729FEBB8DE4CED90919931 /* ReaderViewModelTests.swift */; };
		533F78038AA741B581ADFADA /* HadithModelTests.swift in Sources */ = {isa = PBXBuildFile; fileRef = DCAED232410B4EEE9CB06524 /* HadithModelTests.swift */; };
		32A5C94AC7874F57837C46A7 /* HadithDataServiceTests.swift in Sources */ = {isa = PBXBuildFile; fileRef = FD19221D480F4A6198776339 /* HadithDataServiceTests.swift */; };
		9610DADF6C5A4336A0153C19 /* HadithBookmarkStoreTests.swift in Sources */ = {isa = PBXBuildFile; fileRef = F912C602D88F42479AB045A3 /* HadithBookmarkStoreTests.swift */; };
		A596A44D3CBB4D4BA933BE8A /* WordModelTests.swift in Sources */ = {isa = PBXBuildFile; fileRef = 29AE59F5710A416DAF1B9E9D /* WordModelTests.swift */; };
		C3C21E94FECE47C5938ADCE2 /* WordDataServiceTests.swift in Sources */ = {isa = PBXBuildFile; fileRef = 621A20CE99D64CFDB989E67C /* WordDataServiceTests.swift */; };
		1C3AB0D7878B4CE79DE5E3BB /* AudioServiceTests.swift in Sources */ = {isa = PBXBuildFile; fileRef = 6C8B19EA22D24042BC781787 /* AudioServiceTests.swift */; };
		D15BD52893A247FDB4892330 /* FollowAlongViewModelTests.swift in Sources */ = {isa = PBXBuildFile; fileRef = 5322801991234C92B1B51826 /* FollowAlongViewModelTests.swift */; };
/* End PBXBuildFile section */

/* Begin PBXContainerItemProxy section */
		54315B4B19854697ADE48B6B /* PBXContainerItemProxy */ = {
			isa = PBXContainerItemProxy;
			containerPortal = 8DA3035F3CFB4B928861A7B4 /* Project object */;
			proxyType = 1;
			remoteGlobalIDString = 0BFC3BFA8E5F4E10AED57644;
			remoteInfo = Niya;
		};
/* End PBXContainerItemProxy section */

/* Begin PBXFileReference section */
		9BDD2F1BB93F4FBBA10A9B39 /* NiyaApp.swift */ = {isa = PBXFileReference; lastKnownFileType = sourcecode.swift; path = NiyaApp.swift; sourceTree = "<group>"; };
		54C3FE6F9C84485F825A1932 /* ContentView.swift */ = {isa = PBXFileReference; lastKnownFileType = sourcecode.swift; path = ContentView.swift; sourceTree = "<group>"; };
		E872E66E6D70455EA969FFAC /* QuranScript.swift */ = {isa = PBXFileReference; lastKnownFileType = sourcecode.swift; path = QuranScript.swift; sourceTree = "<group>"; };
		F03EDD2129C84E929EEBB86D /* Surah.swift */ = {isa = PBXFileReference; lastKnownFileType = sourcecode.swift; path = Surah.swift; sourceTree = "<group>"; };
		15E496AE279545DC81CAEC5E /* Verse.swift */ = {isa = PBXFileReference; lastKnownFileType = sourcecode.swift; path = Verse.swift; sourceTree = "<group>"; };
		A03C873BD0B64258A5CEFF33 /* AudioDownload.swift */ = {isa = PBXFileReference; lastKnownFileType = sourcecode.swift; path = AudioDownload.swift; sourceTree = "<group>"; };
		6065BB3164B24063A5AD3F8F /* ReadingPosition.swift */ = {isa = PBXFileReference; lastKnownFileType = sourcecode.swift; path = ReadingPosition.swift; sourceTree = "<group>"; };
		10250602282D4DFFAA7D34FD /* RecentSearch.swift */ = {isa = PBXFileReference; lastKnownFileType = sourcecode.swift; path = RecentSearch.swift; sourceTree = "<group>"; };
		1CC035DAD7B94BF8BF8A468E /* HadithCollection.swift */ = {isa = PBXFileReference; lastKnownFileType = sourcecode.swift; path = HadithCollection.swift; sourceTree = "<group>"; };
		3969DC9AEF2B41AEB9E959CF /* HadithChapter.swift */ = {isa = PBXFileReference; lastKnownFileType = sourcecode.swift; path = HadithChapter.swift; sourceTree = "<group>"; };
		0E46D63C24D14264B0623059 /* Hadith.swift */ = {isa = PBXFileReference; lastKnownFileType = sourcecode.swift; path = Hadith.swift; sourceTree = "<group>"; };
		252A788427C24B79A1F3FD4E /* HadithGrade.swift */ = {isa = PBXFileReference; lastKnownFileType = sourcecode.swift; path = HadithGrade.swift; sourceTree = "<group>"; };
		B22EAD189B534067B880C682 /* HadithBookmark.swift */ = {isa = PBXFileReference; lastKnownFileType = sourcecode.swift; path = HadithBookmark.swift; sourceTree = "<group>"; };
		68630EE030B4417380231D9F /* QuranBookmark.swift */ = {isa = PBXFileReference; lastKnownFileType = sourcecode.swift; path = QuranBookmark.swift; sourceTree = "<group>"; };
		2A99113835194861B854A914 /* DuaSection.swift */ = {isa = PBXFileReference; lastKnownFileType = sourcecode.swift; path = DuaSection.swift; sourceTree = "<group>"; };
		E272D25C82814425909CCFA2 /* DuaCategory.swift */ = {isa = PBXFileReference; lastKnownFileType = sourcecode.swift; path = DuaCategory.swift; sourceTree = "<group>"; };
		DE587110E3A44DA6BF375BD7 /* Dua.swift */ = {isa = PBXFileReference; lastKnownFileType = sourcecode.swift; path = Dua.swift; sourceTree = "<group>"; };
		46882C5981764DC9B61A0367 /* DuaBookmark.swift */ = {isa = PBXFileReference; lastKnownFileType = sourcecode.swift; path = DuaBookmark.swift; sourceTree = "<group>"; };
		FA70B2CEA26C42B0B61A133C /* RecentHadith.swift */ = {isa = PBXFileReference; lastKnownFileType = sourcecode.swift; path = RecentHadith.swift; sourceTree = "<group>"; };
		AE269CD28DC94D9DBAF3F108 /* RecentDua.swift */ = {isa = PBXFileReference; lastKnownFileType = sourcecode.swift; path = RecentDua.swift; sourceTree = "<group>"; };
		FB2087C49D8B4A5F9FFABB1A /* TajweedRule.swift */ = {isa = PBXFileReference; lastKnownFileType = sourcecode.swift; path = TajweedRule.swift; sourceTree = "<group>"; };
		3BBA425D4DF048EC80E1E439 /* TajweedAnnotation.swift */ = {isa = PBXFileReference; lastKnownFileType = sourcecode.swift; path = TajweedAnnotation.swift; sourceTree = "<group>"; };
		1ABB4A9A9F39411EB8C16A39 /* TajweedVerse.swift */ = {isa = PBXFileReference; lastKnownFileType = sourcecode.swift; path = TajweedVerse.swift; sourceTree = "<group>"; };
		65787435850D42008458EA59 /* Word.swift */ = {isa = PBXFileReference; lastKnownFileType = sourcecode.swift; path = Word.swift; sourceTree = "<group>"; };
		6D92746A10B9434886933CC3 /* QuranDataService.swift */ = {isa = PBXFileReference; lastKnownFileType = sourcecode.swift; path = QuranDataService.swift; sourceTree = "<group>"; };
		9EEDE44C5EE442ECBFC1A36C /* AudioService.swift */ = {isa = PBXFileReference; lastKnownFileType = sourcecode.swift; path = AudioService.swift; sourceTree = "<group>"; };
		C5FC763B061045BC8E02028E /* DownloadStore.swift */ = {isa = PBXFileReference; lastKnownFileType = sourcecode.swift; path = DownloadStore.swift; sourceTree = "<group>"; };
		06FBAD552B304AC5A6493209 /* ReadingPositionStore.swift */ = {isa = PBXFileReference; lastKnownFileType = sourcecode.swift; path = ReadingPositionStore.swift; sourceTree = "<group>"; };
		7E51FE9D266A4AE4BC56DCFD /* RecentSearchStore.swift */ = {isa = PBXFileReference; lastKnownFileType = sourcecode.swift; path = RecentSearchStore.swift; sourceTree = "<group>"; };
		7B5D84F233E944C1BAEE1DD7 /* HadithDataService.swift */ = {isa = PBXFileReference; lastKnownFileType = sourcecode.swift; path = HadithDataService.swift; sourceTree = "<group>"; };
		225ECDBA9A00418AAE84DF32 /* HadithBookmarkStore.swift */ = {isa = PBXFileReference; lastKnownFileType = sourcecode.swift; path = HadithBookmarkStore.swift; sourceTree = "<group>"; };
		6493EF53E8E9454D9F6DB024 /* QuranBookmarkStore.swift */ = {isa = PBXFileReference; lastKnownFileType = sourcecode.swift; path = QuranBookmarkStore.swift; sourceTree = "<group>"; };
		45D937F8856C4ABD9DD40603 /* DuaDataService.swift */ = {isa = PBXFileReference; lastKnownFileType = sourcecode.swift; path = DuaDataService.swift; sourceTree = "<group>"; };
		9E135CB43EA64C388FBB7E51 /* DuaBookmarkStore.swift */ = {isa = PBXFileReference; lastKnownFileType = sourcecode.swift; path = DuaBookmarkStore.swift; sourceTree = "<group>"; };
		55467B7672AC4F64AFE28EF3 /* RecentHadithStore.swift */ = {isa = PBXFileReference; lastKnownFileType = sourcecode.swift; path = RecentHadithStore.swift; sourceTree = "<group>"; };
		B89D86E52C0845F4B28541F8 /* RecentDuaStore.swift */ = {isa = PBXFileReference; lastKnownFileType = sourcecode.swift; path = RecentDuaStore.swift; sourceTree = "<group>"; };
		1B58DA58C0314A8DAB937A34 /* TajweedService.swift */ = {isa = PBXFileReference; lastKnownFileType = sourcecode.swift; path = TajweedService.swift; sourceTree = "<group>"; };
		21F2906CB21243A09FCAB2C0 /* WordDataService.swift */ = {isa = PBXFileReference; lastKnownFileType = sourcecode.swift; path = WordDataService.swift; sourceTree = "<group>"; };
		F30AB8CE8821459AADCA7B8C /* SurahListViewModel.swift */ = {isa = PBXFileReference; lastKnownFileType = sourcecode.swift; path = SurahListViewModel.swift; sourceTree = "<group>"; };
		1EF59DFD120C4AFE9545BD88 /* ReaderViewModel.swift */ = {isa = PBXFileReference; lastKnownFileType = sourcecode.swift; path = ReaderViewModel.swift; sourceTree = "<group>"; };
		FC8607ADCA5D4AD082DF2E8F /* AudioPlayerViewModel.swift */ = {isa = PBXFileReference; lastKnownFileType = sourcecode.swift; path = AudioPlayerViewModel.swift; sourceTree = "<group>"; };
		03CA91257F6A48BC96A0B3B3 /* FollowAlongViewModel.swift */ = {isa = PBXFileReference; lastKnownFileType = sourcecode.swift; path = FollowAlongViewModel.swift; sourceTree = "<group>"; };
		8C75B975B6E941589EA3217F /* SurahListView.swift */ = {isa = PBXFileReference; lastKnownFileType = sourcecode.swift; path = SurahListView.swift; sourceTree = "<group>"; };
		07C4F74415DA442FAFD0548A /* SurahRowView.swift */ = {isa = PBXFileReference; lastKnownFileType = sourcecode.swift; path = SurahRowView.swift; sourceTree = "<group>"; };
		6833CA7B425F422BBC71D7F2 /* SurahSearchView.swift */ = {isa = PBXFileReference; lastKnownFileType = sourcecode.swift; path = SurahSearchView.swift; sourceTree = "<group>"; };
		C2BACDCB845D41FFB7153D52 /* ReaderContainerView.swift */ = {isa = PBXFileReference; lastKnownFileType = sourcecode.swift; path = ReaderContainerView.swift; sourceTree = "<group>"; };
		3282DD7A09F8450A8A2F3826 /* ScrollReaderView.swift */ = {isa = PBXFileReference; lastKnownFileType = sourcecode.swift; path = ScrollReaderView.swift; sourceTree = "<group>"; };
		55B3D8314FB34635852283E9 /* PageReaderView.swift */ = {isa = PBXFileReference; lastKnownFileType = sourcecode.swift; path = PageReaderView.swift; sourceTree = "<group>"; };
		395EAD7A8F95466FBFE5828E /* VerseRowView.swift */ = {isa = PBXFileReference; lastKnownFileType = sourcecode.swift; path = VerseRowView.swift; sourceTree = "<group>"; };
		8337321D35CA425FB9E80CE9 /* MushaPageView.swift */ = {isa = PBXFileReference; lastKnownFileType = sourcecode.swift; path = MushaPageView.swift; sourceTree = "<group>"; };
		CA5E51C1C91F40A787B505F5 /* ReaderSettingsSheet.swift */ = {isa = PBXFileReference; lastKnownFileType = sourcecode.swift; path = ReaderSettingsSheet.swift; sourceTree = "<group>"; };
		8125C129A4B24A85A75FF14F /* TajweedTextView.swift */ = {isa = PBXFileReference; lastKnownFileType = sourcecode.swift; path = TajweedTextView.swift; sourceTree = "<group>"; };
		FA0D170682424900A245C3EC /* FollowAlongVerseView.swift */ = {isa = PBXFileReference; lastKnownFileType = sourcecode.swift; path = FollowAlongVerseView.swift; sourceTree = "<group>"; };
		79E04B30ECCB4FFFB1E80CE2 /* FollowAlongControlsView.swift */ = {isa = PBXFileReference; lastKnownFileType = sourcecode.swift; path = FollowAlongControlsView.swift; sourceTree = "<group>"; };
		986100DC83C84CE2A5BCE65B /* WordView.swift */ = {isa = PBXFileReference; lastKnownFileType = sourcecode.swift; path = WordView.swift; sourceTree = "<group>"; };
		1ACE9DF824834D80A1827079 /* VerseCellView.swift */ = {isa = PBXFileReference; lastKnownFileType = sourcecode.swift; path = VerseCellView.swift; sourceTree = "<group>"; };
		029464B0693C4CEB86E94113 /* AudioPlayerBar.swift */ = {isa = PBXFileReference; lastKnownFileType = sourcecode.swift; path = AudioPlayerBar.swift; sourceTree = "<group>"; };
		08BAE8C6D5F640F09035295F /* HomeView.swift */ = {isa = PBXFileReference; lastKnownFileType = sourcecode.swift; path = HomeView.swift; sourceTree = "<group>"; };
		5E0D0AAE721E4C7BAF10AFF7 /* ContinueReadingCard.swift */ = {isa = PBXFileReference; lastKnownFileType = sourcecode.swift; path = ContinueReadingCard.swift; sourceTree = "<group>"; };
		846DD9CC754D4FD9A52BAAC4 /* RecentHadithCard.swift */ = {isa = PBXFileReference; lastKnownFileType = sourcecode.swift; path = RecentHadithCard.swift; sourceTree = "<group>"; };
		D7ECE2B2678743A8827888DE /* RecentDuaCard.swift */ = {isa = PBXFileReference; lastKnownFileType = sourcecode.swift; path = RecentDuaCard.swift; sourceTree = "<group>"; };
		79AE8A336AAF417C81F5CB3E /* BookmarksView.swift */ = {isa = PBXFileReference; lastKnownFileType = sourcecode.swift; path = BookmarksView.swift; sourceTree = "<group>"; };
		4831948351A844A8A170A912 /* SettingsView.swift */ = {isa = PBXFileReference; lastKnownFileType = sourcecode.swift; path = SettingsView.swift; sourceTree = "<group>"; };
		78B0239291F7449592A70B4D /* HadithTabView.swift */ = {isa = PBXFileReference; lastKnownFileType = sourcecode.swift; path = HadithTabView.swift; sourceTree = "<group>"; };
		D41C4C9E4FD743EC8D526650 /* HadithCollectionCard.swift */ = {isa = PBXFileReference; lastKnownFileType = sourcecode.swift; path = HadithCollectionCard.swift; sourceTree = "<group>"; };
		D544CE3031164C7C98C0D7D6 /* HadithCollectionView.swift */ = {isa = PBXFileReference; lastKnownFileType = sourcecode.swift; path = HadithCollectionView.swift; sourceTree = "<group>"; };
		8883D887BBFA49BF857B04D3 /* HadithChapterRow.swift */ = {isa = PBXFileReference; lastKnownFileType = sourcecode.swift; path = HadithChapterRow.swift; sourceTree = "<group>"; };
		E3B205D25214406DB7369643 /* HadithChapterView.swift */ = {isa = PBXFileReference; lastKnownFileType = sourcecode.swift; path = HadithChapterView.swift; sourceTree = "<group>"; };
		2998D718DC0943448378CF9E /* HadithRowView.swift */ = {isa = PBXFileReference; lastKnownFileType = sourcecode.swift; path = HadithRowView.swift; sourceTree = "<group>"; };
		BCE6365B62044FD88AD0BCCE /* HadithDetailView.swift */ = {isa = PBXFileReference; lastKnownFileType = sourcecode.swift; path = HadithDetailView.swift; sourceTree = "<group>"; };
		EFC2EE91D90B4A2BAF3AA47B /* HadithBookmarksView.swift */ = {isa = PBXFileReference; lastKnownFileType = sourcecode.swift; path = HadithBookmarksView.swift; sourceTree = "<group>"; };
		32588AD8A4B54E74B41FB312 /* HadithSearchResultRow.swift */ = {isa = PBXFileReference; lastKnownFileType = sourcecode.swift; path = HadithSearchResultRow.swift; sourceTree = "<group>"; };
		3AA8FDA3176340C4A5C8D625 /* DuaTabView.swift */ = {isa = PBXFileReference; lastKnownFileType = sourcecode.swift; path = DuaTabView.swift; sourceTree = "<group>"; };
		CEDFB90D0EDC49D99EE3C21B /* DuaSectionView.swift */ = {isa = PBXFileReference; lastKnownFileType = sourcecode.swift; path = DuaSectionView.swift; sourceTree = "<group>"; };
		3DD03E1321D54659B03BF238 /* DuaRowView.swift */ = {isa = PBXFileReference; lastKnownFileType = sourcecode.swift; path = DuaRowView.swift; sourceTree = "<group>"; };
		3E6EF40F320F420BB59D0952 /* DuaDetailView.swift */ = {isa = PBXFileReference; lastKnownFileType = sourcecode.swift; path = DuaDetailView.swift; sourceTree = "<group>"; };
		15F27A03C1F1450EB14EC89D /* DuaSearchResultRow.swift */ = {isa = PBXFileReference; lastKnownFileType = sourcecode.swift; path = DuaSearchResultRow.swift; sourceTree = "<group>"; };
		CC1068F10FF34BD28423A8CF /* NiyaColors.swift */ = {isa = PBXFileReference; lastKnownFileType = sourcecode.swift; path = NiyaColors.swift; sourceTree = "<group>"; };
		201B5CD90E1A4511ACEDD43A /* NiyaFonts.swift */ = {isa = PBXFileReference; lastKnownFileType = sourcecode.swift; path = NiyaFonts.swift; sourceTree = "<group>"; };
		931DEACAC960427695EE3F27 /* NiyaTheme.swift */ = {isa = PBXFileReference; lastKnownFileType = sourcecode.swift; path = NiyaTheme.swift; sourceTree = "<group>"; };
		AEEBE1BB939F43BDB4E99B0E /* NiyaExtensions.swift */ = {isa = PBXFileReference; lastKnownFileType = sourcecode.swift; path = NiyaExtensions.swift; sourceTree = "<group>"; };
		F06FD809AEF84C098AE6BC48 /* NiyaToolbar.swift */ = {isa = PBXFileReference; lastKnownFileType = sourcecode.swift; path = NiyaToolbar.swift; sourceTree = "<group>"; };
		375E9BFD19D943B49D514767 /* FlowLayout.swift */ = {isa = PBXFileReference; lastKnownFileType = sourcecode.swift; path = FlowLayout.swift; sourceTree = "<group>"; };
		B0A84224B7DF4ADAB9299570 /* surahs.json */ = {isa = PBXFileReference; lastKnownFileType = text.json; path = surahs.json; sourceTree = "<group>"; };
		E8E8E2E5AF76462CB53B07D8 /* verses_hafs.json */ = {isa = PBXFileReference; lastKnownFileType = text.json; path = verses_hafs.json; sourceTree = "<group>"; };
		02349BB098894A6BB5BB3ED8 /* verses_indopak.json */ = {isa = PBXFileReference; lastKnownFileType = text.json; path = verses_indopak.json; sourceTree = "<group>"; };
		093834C397944374AFCE506D /* hadith_collections.json */ = {isa = PBXFileReference; lastKnownFileType = text.json; path = hadith_collections.json; sourceTree = "<group>"; };
		BFA87AFF77474EBD90D55337 /* hadith_bukhari.json */ = {isa = PBXFileReference; lastKnownFileType = text.json; path = hadith_bukhari.json; sourceTree = "<group>"; };
		5C1D89ED65984147B9A48A3F /* hadith_muslim.json */ = {isa = PBXFileReference; lastKnownFileType = text.json; path = hadith_muslim.json; sourceTree = "<group>"; };
		98442985EF814D20940AF6A8 /* hadith_abudawud.json */ = {isa = PBXFileReference; lastKnownFileType = text.json; path = hadith_abudawud.json; sourceTree = "<group>"; };
		A4A9F14A4CEE4FCC83B2BC66 /* hadith_tirmidhi.json */ = {isa = PBXFileReference; lastKnownFileType = text.json; path = hadith_tirmidhi.json; sourceTree = "<group>"; };
		892DD8F155B949E9B13FADEE /* hadith_nasai.json */ = {isa = PBXFileReference; lastKnownFileType = text.json; path = hadith_nasai.json; sourceTree = "<group>"; };
		E702E0C3E2D545CE9DA04DAB /* hadith_ibnmajah.json */ = {isa = PBXFileReference; lastKnownFileType = text.json; path = hadith_ibnmajah.json; sourceTree = "<group>"; };
		A081C35CC6C74BC4A790D82E /* hadith_malik.json */ = {isa = PBXFileReference; lastKnownFileType = text.json; path = hadith_malik.json; sourceTree = "<group>"; };
		423EC1E7ABB946DAA68DF2C2 /* hadith_ahmed.json */ = {isa = PBXFileReference; lastKnownFileType = text.json; path = hadith_ahmed.json; sourceTree = "<group>"; };
		49ED3C7633554ACCA6315F4A /* hadith_darimi.json */ = {isa = PBXFileReference; lastKnownFileType = text.json; path = hadith_darimi.json; sourceTree = "<group>"; };
		A6328C3BB75A4FA29E38A646 /* hadith_nawawi.json */ = {isa = PBXFileReference; lastKnownFileType = text.json; path = hadith_nawawi.json; sourceTree = "<group>"; };
		7B12665579BC46409928D889 /* hadith_qudsi.json */ = {isa = PBXFileReference; lastKnownFileType = text.json; path = hadith_qudsi.json; sourceTree = "<group>"; };
		69E4C2C480844EEB9B353247 /* hadith_dehlawi.json */ = {isa = PBXFileReference; lastKnownFileType = text.json; path = hadith_dehlawi.json; sourceTree = "<group>"; };
		CC22D8070235481C86435B4B /* hadith_aladab.json */ = {isa = PBXFileReference; lastKnownFileType = text.json; path = hadith_aladab.json; sourceTree = "<group>"; };
		E30A000622BA44EBB97150A9 /* hadith_bulugh.json */ = {isa = PBXFileReference; lastKnownFileType = text.json; path = hadith_bulugh.json; sourceTree = "<group>"; };
		30B7872EF6F149CFA0C4C8AE /* hadith_mishkat.json */ = {isa = PBXFileReference; lastKnownFileType = text.json; path = hadith_mishkat.json; sourceTree = "<group>"; };
		D6513058E329449FB7966E87 /* hadith_riyad.json */ = {isa = PBXFileReference; lastKnownFileType = text.json; path = hadith_riyad.json; sourceTree = "<group>"; };
		1C2F0716E4EC4EEC9944F4C0 /* hadith_shamail.json */ = {isa = PBXFileReference; lastKnownFileType = text.json; path = hadith_shamail.json; sourceTree = "<group>"; };
		7E96C6B1179447CE8331939C /* dua_all.json */ = {isa = PBXFileReference; lastKnownFileType = text.json; path = dua_all.json; sourceTree = "<group>"; };
		5FFB2010F58843D1B5EB30F9 /* word_data.json */ = {isa = PBXFileReference; lastKnownFileType = text.json; path = word_data.json; sourceTree = "<group>"; };
		7AE994F1FEE24277B2A52CF4 /* KFGQPC Uthmanic Script HAFS Regular.otf */ = {isa = PBXFileReference; lastKnownFileType = file.font; path = "KFGQPC Uthmanic Script HAFS Regular.otf"; sourceTree = "<group>"; };
		EAE84EB5CDC544F7B0732E2A /* ScheherazadeNew-Regular.ttf */ = {isa = PBXFileReference; lastKnownFileType = file.font; path = ScheherazadeNew-Regular.ttf; sourceTree = "<group>"; };
		F6DDEB0BAC3C42FB933995CB /* NotoNaskhArabic-Regular.ttf */ = {isa = PBXFileReference; lastKnownFileType = file.font; path = NotoNaskhArabic-Regular.ttf; sourceTree = "<group>"; };
		B7D3124728EB4D48BC61D999 /* Assets.xcassets */ = {isa = PBXFileReference; lastKnownFileType = folder.assetcatalog; path = Assets.xcassets; sourceTree = "<group>"; };
		5A893B653F984579909C87AB /* SwiftData.framework */ = {isa = PBXFileReference; lastKnownFileType = wrapper.framework; name = SwiftData.framework; path = System/Library/Frameworks/SwiftData.framework; sourceTree = SDKROOT; };
		7904F4D728994CD6BE16F977 /* AVFoundation.framework */ = {isa = PBXFileReference; lastKnownFileType = wrapper.framework; name = AVFoundation.framework; path = System/Library/Frameworks/AVFoundation.framework; sourceTree = SDKROOT; };
		B8E8929D3EF54396BC83AF0C /* Info.plist */ = {isa = PBXFileReference; lastKnownFileType = text.plist.xml; path = Info.plist; sourceTree = "<group>"; };
		7A8B34ABC87246A6B6857DCC /* Niya.app */ = {isa = PBXFileReference; explicitFileType = wrapper.application; includeInIndex = 0; path = Niya.app; sourceTree = BUILT_PRODUCTS_DIR; };
		665B0A32672B4721B93FE3B7 /* NiyaTests.xctest */ = {isa = PBXFileReference; explicitFileType = wrapper.cfbundle; includeInIndex = 0; path = NiyaTests.xctest; sourceTree = BUILT_PRODUCTS_DIR; };
		5F64677E7BFF4BE781FEF7C4 /* ReadingPositionModelTests.swift */ = {isa = PBXFileReference; lastKnownFileType = sourcecode.swift; path = ReadingPositionModelTests.swift; sourceTree = "<group>"; };
		EE0FA86777B54B25912C04A7 /* ReadingPositionStoreTests.swift */ = {isa = PBXFileReference; lastKnownFileType = sourcecode.swift; path = ReadingPositionStoreTests.swift; sourceTree = "<group>"; };
		37A6A9F0E16249B388B36CAA /* ContinueReadingCardTests.swift */ = {isa = PBXFileReference; lastKnownFileType = sourcecode.swift; path = ContinueReadingCardTests.swift; sourceTree = "<group>"; };
		6C729FEBB8DE4CED90919931 /* ReaderViewModelTests.swift */ = {isa = PBXFileReference; lastKnownFileType = sourcecode.swift; path = ReaderViewModelTests.swift; sourceTree = "<group>"; };
		DCAED232410B4EEE9CB06524 /* HadithModelTests.swift */ = {isa = PBXFileReference; lastKnownFileType = sourcecode.swift; path = HadithModelTests.swift; sourceTree = "<group>"; };
		FD19221D480F4A6198776339 /* HadithDataServiceTests.swift */ = {isa = PBXFileReference; lastKnownFileType = sourcecode.swift; path = HadithDataServiceTests.swift; sourceTree = "<group>"; };
		F912C602D88F42479AB045A3 /* HadithBookmarkStoreTests.swift */ = {isa = PBXFileReference; lastKnownFileType = sourcecode.swift; path = HadithBookmarkStoreTests.swift; sourceTree = "<group>"; };
		29AE59F5710A416DAF1B9E9D /* WordModelTests.swift */ = {isa = PBXFileReference; lastKnownFileType = sourcecode.swift; path = WordModelTests.swift; sourceTree = "<group>"; };
		621A20CE99D64CFDB989E67C /* WordDataServiceTests.swift */ = {isa = PBXFileReference; lastKnownFileType = sourcecode.swift; path = WordDataServiceTests.swift; sourceTree = "<group>"; };
		6C8B19EA22D24042BC781787 /* AudioServiceTests.swift */ = {isa = PBXFileReference; lastKnownFileType = sourcecode.swift; path = AudioServiceTests.swift; sourceTree = "<group>"; };
		5322801991234C92B1B51826 /* FollowAlongViewModelTests.swift */ = {isa = PBXFileReference; lastKnownFileType = sourcecode.swift; path = FollowAlongViewModelTests.swift; sourceTree = "<group>"; };
/* End PBXFileReference section */

/* Begin PBXFrameworksBuildPhase section */
		9A90049D2FE24559BC9D49A5 /* Frameworks */ = {
			isa = PBXFrameworksBuildPhase;
			buildActionMask = 2147483647;
			files = (
				EA1083A90A4149648793CDCA /* SwiftData.framework in Frameworks */,
				D686E91881814346A18612DA /* AVFoundation.framework in Frameworks */,
			);
			runOnlyForDeploymentPostprocessing = 0;
		};
/* End PBXFrameworksBuildPhase section */

/* Begin PBXGroup section */
		34E5A034A7CC4E40AA9571DC = {
			isa = PBXGroup;
			children = (
				2D2DE7728FB140139C8BD686 /* Niya */,
				5991EFB482AC4A3796BEF7A3 /* NiyaTests */,
				8DFB8753207A4F6480A92F2E /* Frameworks */,
				C9762EC2012E402C99D708CE /* Products */,
			);
			sourceTree = "<group>";
		};
		C9762EC2012E402C99D708CE /* Products */ = {
			isa = PBXGroup;
			children = (
				7A8B34ABC87246A6B6857DCC /* Niya.app */,
				665B0A32672B4721B93FE3B7 /* NiyaTests.xctest */,
			);
			name = Products;
			sourceTree = "<group>";
		};
		8DFB8753207A4F6480A92F2E /* Frameworks */ = {
			isa = PBXGroup;
			children = (
				5A893B653F984579909C87AB /* SwiftData.framework */,
				7904F4D728994CD6BE16F977 /* AVFoundation.framework */,
			);
			name = Frameworks;
			sourceTree = "<group>";
		};
		2D2DE7728FB140139C8BD686 /* Niya */ = {
			isa = PBXGroup;
			children = (
				9BDD2F1BB93F4FBBA10A9B39 /* NiyaApp.swift */,
				54C3FE6F9C84485F825A1932 /* ContentView.swift */,
				B8E8929D3EF54396BC83AF0C /* Info.plist */,
				2769663FB0DC4BA0B9C883DD /* Models */,
				3B800B2D6FB04F7CB93C4614 /* Services */,
				E8B927F2D6A645748A5FDE9A /* ViewModels */,
				855A20CA763E4C049E0168AB /* Views */,
				D90016E8E0F6480D8C846D33 /* Design */,
				F8C2B0C57FB043359BE6F1C0 /* Resources */,
			);
			name = Niya;
			path = Niya;
			sourceTree = "<group>";
		};
		2769663FB0DC4BA0B9C883DD /* Models */ = {
			isa = PBXGroup;
			children = (
				E872E66E6D70455EA969FFAC /* QuranScript.swift */,
				F03EDD2129C84E929EEBB86D /* Surah.swift */,
				15E496AE279545DC81CAEC5E /* Verse.swift */,
				A03C873BD0B64258A5CEFF33 /* AudioDownload.swift */,
				6065BB3164B24063A5AD3F8F /* ReadingPosition.swift */,
				10250602282D4DFFAA7D34FD /* RecentSearch.swift */,
				1CC035DAD7B94BF8BF8A468E /* HadithCollection.swift */,
				3969DC9AEF2B41AEB9E959CF /* HadithChapter.swift */,
				0E46D63C24D14264B0623059 /* Hadith.swift */,
				252A788427C24B79A1F3FD4E /* HadithGrade.swift */,
				B22EAD189B534067B880C682 /* HadithBookmark.swift */,
				68630EE030B4417380231D9F /* QuranBookmark.swift */,
				2A99113835194861B854A914 /* DuaSection.swift */,
				E272D25C82814425909CCFA2 /* DuaCategory.swift */,
				DE587110E3A44DA6BF375BD7 /* Dua.swift */,
				46882C5981764DC9B61A0367 /* DuaBookmark.swift */,
				FA70B2CEA26C42B0B61A133C /* RecentHadith.swift */,
				AE269CD28DC94D9DBAF3F108 /* RecentDua.swift */,
				FB2087C49D8B4A5F9FFABB1A /* TajweedRule.swift */,
				3BBA425D4DF048EC80E1E439 /* TajweedAnnotation.swift */,
				1ABB4A9A9F39411EB8C16A39 /* TajweedVerse.swift */,
				65787435850D42008458EA59 /* Word.swift */,
			);
			name = Models;
			path = Models;
			sourceTree = "<group>";
		};
		3B800B2D6FB04F7CB93C4614 /* Services */ = {
			isa = PBXGroup;
			children = (
				6D92746A10B9434886933CC3 /* QuranDataService.swift */,
				9EEDE44C5EE442ECBFC1A36C /* AudioService.swift */,
				C5FC763B061045BC8E02028E /* DownloadStore.swift */,
				06FBAD552B304AC5A6493209 /* ReadingPositionStore.swift */,
				7E51FE9D266A4AE4BC56DCFD /* RecentSearchStore.swift */,
				7B5D84F233E944C1BAEE1DD7 /* HadithDataService.swift */,
				225ECDBA9A00418AAE84DF32 /* HadithBookmarkStore.swift */,
				6493EF53E8E9454D9F6DB024 /* QuranBookmarkStore.swift */,
				45D937F8856C4ABD9DD40603 /* DuaDataService.swift */,
				9E135CB43EA64C388FBB7E51 /* DuaBookmarkStore.swift */,
				55467B7672AC4F64AFE28EF3 /* RecentHadithStore.swift */,
				B89D86E52C0845F4B28541F8 /* RecentDuaStore.swift */,
				1B58DA58C0314A8DAB937A34 /* TajweedService.swift */,
				21F2906CB21243A09FCAB2C0 /* WordDataService.swift */,
			);
			name = Services;
			path = Services;
			sourceTree = "<group>";
		};
		E8B927F2D6A645748A5FDE9A /* ViewModels */ = {
			isa = PBXGroup;
			children = (
				F30AB8CE8821459AADCA7B8C /* SurahListViewModel.swift */,
				1EF59DFD120C4AFE9545BD88 /* ReaderViewModel.swift */,
				FC8607ADCA5D4AD082DF2E8F /* AudioPlayerViewModel.swift */,
				03CA91257F6A48BC96A0B3B3 /* FollowAlongViewModel.swift */,
			);
			name = ViewModels;
			path = ViewModels;
			sourceTree = "<group>";
		};
		855A20CA763E4C049E0168AB /* Views */ = {
			isa = PBXGroup;
			children = (
				79AE8A336AAF417C81F5CB3E /* BookmarksView.swift */,
				E6230EB172924674A81C8643 /* SurahList */,
				3C9AEFD7D653475AA845C7F5 /* Reader */,
				45EACD38DD3E4B0E824534BD /* Audio */,
				0E7370A474F84EFDA28377DF /* Home */,
				5A8F0A7BF3984D7ABF53103C /* Settings */,
				D9F84D8D0B3F4475B900A6BD /* Hadith */,
				246DA509CC884CDCBFCA44B7 /* Dua */,
			);
			name = Views;
			path = Views;
			sourceTree = "<group>";
		};
		E6230EB172924674A81C8643 /* SurahList */ = {
			isa = PBXGroup;
			children = (
				8C75B975B6E941589EA3217F /* SurahListView.swift */,
				07C4F74415DA442FAFD0548A /* SurahRowView.swift */,
				6833CA7B425F422BBC71D7F2 /* SurahSearchView.swift */,
			);
			name = SurahList;
			path = SurahList;
			sourceTree = "<group>";
		};
		3C9AEFD7D653475AA845C7F5 /* Reader */ = {
			isa = PBXGroup;
			children = (
				C2BACDCB845D41FFB7153D52 /* ReaderContainerView.swift */,
				3282DD7A09F8450A8A2F3826 /* ScrollReaderView.swift */,
				55B3D8314FB34635852283E9 /* PageReaderView.swift */,
				395EAD7A8F95466FBFE5828E /* VerseRowView.swift */,
				8337321D35CA425FB9E80CE9 /* MushaPageView.swift */,
				CA5E51C1C91F40A787B505F5 /* ReaderSettingsSheet.swift */,
				8125C129A4B24A85A75FF14F /* TajweedTextView.swift */,
				FA0D170682424900A245C3EC /* FollowAlongVerseView.swift */,
				79E04B30ECCB4FFFB1E80CE2 /* FollowAlongControlsView.swift */,
				986100DC83C84CE2A5BCE65B /* WordView.swift */,
				1ACE9DF824834D80A1827079 /* VerseCellView.swift */,
			);
			name = Reader;
			path = Reader;
			sourceTree = "<group>";
		};
		45EACD38DD3E4B0E824534BD /* Audio */ = {
			isa = PBXGroup;
			children = (
				029464B0693C4CEB86E94113 /* AudioPlayerBar.swift */,
			);
			name = Audio;
			path = Audio;
			sourceTree = "<group>";
		};
		0E7370A474F84EFDA28377DF /* Home */ = {
			isa = PBXGroup;
			children = (
				08BAE8C6D5F640F09035295F /* HomeView.swift */,
				5E0D0AAE721E4C7BAF10AFF7 /* ContinueReadingCard.swift */,
				846DD9CC754D4FD9A52BAAC4 /* RecentHadithCard.swift */,
				D7ECE2B2678743A8827888DE /* RecentDuaCard.swift */,
			);
			name = Home;
			path = Home;
			sourceTree = "<group>";
		};
		5A8F0A7BF3984D7ABF53103C /* Settings */ = {
			isa = PBXGroup;
			children = (
				4831948351A844A8A170A912 /* SettingsView.swift */,
			);
			name = Settings;
			path = Settings;
			sourceTree = "<group>";
		};
		D9F84D8D0B3F4475B900A6BD /* Hadith */ = {
			isa = PBXGroup;
			children = (
				78B0239291F7449592A70B4D /* HadithTabView.swift */,
				D41C4C9E4FD743EC8D526650 /* HadithCollectionCard.swift */,
				D544CE3031164C7C98C0D7D6 /* HadithCollectionView.swift */,
				8883D887BBFA49BF857B04D3 /* HadithChapterRow.swift */,
				E3B205D25214406DB7369643 /* HadithChapterView.swift */,
				2998D718DC0943448378CF9E /* HadithRowView.swift */,
				BCE6365B62044FD88AD0BCCE /* HadithDetailView.swift */,
				EFC2EE91D90B4A2BAF3AA47B /* HadithBookmarksView.swift */,
				32588AD8A4B54E74B41FB312 /* HadithSearchResultRow.swift */,
			);
			name = Hadith;
			path = Hadith;
			sourceTree = "<group>";
		};
		246DA509CC884CDCBFCA44B7 /* Dua */ = {
			isa = PBXGroup;
			children = (
				3AA8FDA3176340C4A5C8D625 /* DuaTabView.swift */,
				CEDFB90D0EDC49D99EE3C21B /* DuaSectionView.swift */,
				3DD03E1321D54659B03BF238 /* DuaRowView.swift */,
				3E6EF40F320F420BB59D0952 /* DuaDetailView.swift */,
				15F27A03C1F1450EB14EC89D /* DuaSearchResultRow.swift */,
			);
			name = Dua;
			path = Dua;
			sourceTree = "<group>";
		};
		D90016E8E0F6480D8C846D33 /* Design */ = {
			isa = PBXGroup;
			children = (
				CC1068F10FF34BD28423A8CF /* NiyaColors.swift */,
				201B5CD90E1A4511ACEDD43A /* NiyaFonts.swift */,
				931DEACAC960427695EE3F27 /* NiyaTheme.swift */,
				AEEBE1BB939F43BDB4E99B0E /* NiyaExtensions.swift */,
				F06FD809AEF84C098AE6BC48 /* NiyaToolbar.swift */,
				375E9BFD19D943B49D514767 /* FlowLayout.swift */,
			);
			name = Design;
			path = Design;
			sourceTree = "<group>";
		};
		F8C2B0C57FB043359BE6F1C0 /* Resources */ = {
			isa = PBXGroup;
			children = (
				6F1416154F084865BE38D79E /* Data */,
				109B91C7AEC4488FA160DD8F /* Fonts */,
				B7D3124728EB4D48BC61D999 /* Assets.xcassets */,
			);
			name = Resources;
			path = Resources;
			sourceTree = "<group>";
		};
		6F1416154F084865BE38D79E /* Data */ = {
			isa = PBXGroup;
			children = (
				B0A84224B7DF4ADAB9299570 /* surahs.json */,
				E8E8E2E5AF76462CB53B07D8 /* verses_hafs.json */,
				02349BB098894A6BB5BB3ED8 /* verses_indopak.json */,
				093834C397944374AFCE506D /* hadith_collections.json */,
				7E96C6B1179447CE8331939C /* dua_all.json */,
				5FFB2010F58843D1B5EB30F9 /* word_data.json */,
				BFA87AFF77474EBD90D55337 /* hadith_bukhari.json */,
				5C1D89ED65984147B9A48A3F /* hadith_muslim.json */,
				98442985EF814D20940AF6A8 /* hadith_abudawud.json */,
				A4A9F14A4CEE4FCC83B2BC66 /* hadith_tirmidhi.json */,
				892DD8F155B949E9B13FADEE /* hadith_nasai.json */,
				E702E0C3E2D545CE9DA04DAB /* hadith_ibnmajah.json */,
				A081C35CC6C74BC4A790D82E /* hadith_malik.json */,
				423EC1E7ABB946DAA68DF2C2 /* hadith_ahmed.json */,
				49ED3C7633554ACCA6315F4A /* hadith_darimi.json */,
				A6328C3BB75A4FA29E38A646 /* hadith_nawawi.json */,
				7B12665579BC46409928D889 /* hadith_qudsi.json */,
				69E4C2C480844EEB9B353247 /* hadith_dehlawi.json */,
				CC22D8070235481C86435B4B /* hadith_aladab.json */,
				E30A000622BA44EBB97150A9 /* hadith_bulugh.json */,
				30B7872EF6F149CFA0C4C8AE /* hadith_mishkat.json */,
				D6513058E329449FB7966E87 /* hadith_riyad.json */,
				1C2F0716E4EC4EEC9944F4C0 /* hadith_shamail.json */,
			);
			name = Data;
			path = Data;
			sourceTree = "<group>";
		};
		109B91C7AEC4488FA160DD8F /* Fonts */ = {
			isa = PBXGroup;
			children = (
				7AE994F1FEE24277B2A52CF4 /* KFGQPC Uthmanic Script HAFS Regular.otf */,
				EAE84EB5CDC544F7B0732E2A /* ScheherazadeNew-Regular.ttf */,
				F6DDEB0BAC3C42FB933995CB /* NotoNaskhArabic-Regular.ttf */,
			);
			name = Fonts;
			path = Fonts;
			sourceTree = "<group>";
		};
		5991EFB482AC4A3796BEF7A3 /* NiyaTests */ = {
			isa = PBXGroup;
			children = (
				5F64677E7BFF4BE781FEF7C4 /* ReadingPositionModelTests.swift */,
				EE0FA86777B54B25912C04A7 /* ReadingPositionStoreTests.swift */,
				37A6A9F0E16249B388B36CAA /* ContinueReadingCardTests.swift */,
				6C729FEBB8DE4CED90919931 /* ReaderViewModelTests.swift */,
				DCAED232410B4EEE9CB06524 /* HadithModelTests.swift */,
				FD19221D480F4A6198776339 /* HadithDataServiceTests.swift */,
				F912C602D88F42479AB045A3 /* HadithBookmarkStoreTests.swift */,
				29AE59F5710A416DAF1B9E9D /* WordModelTests.swift */,
				621A20CE99D64CFDB989E67C /* WordDataServiceTests.swift */,
				6C8B19EA22D24042BC781787 /* AudioServiceTests.swift */,
				5322801991234C92B1B51826 /* FollowAlongViewModelTests.swift */,
			);
			name = NiyaTests;
			path = NiyaTests;
			sourceTree = "<group>";
		};
/* End PBXGroup section */

/* Begin PBXNativeTarget section */
		0BFC3BFA8E5F4E10AED57644 /* Niya */ = {
			isa = PBXNativeTarget;
			buildConfigurationList = 23DD911A2F764BA6A4D20F7C /* Build configuration list for PBXNativeTarget "Niya" */;
			buildPhases = (
				F8CFC3E5D5364B69BC014EA2 /* Sources */,
				D8AFD743F0444D86B84CCF22 /* Resources */,
				9A90049D2FE24559BC9D49A5 /* Frameworks */,
			);
			buildRules = (
			);
			dependencies = (
			);
			name = Niya;
			productName = Niya;
			productReference = 7A8B34ABC87246A6B6857DCC /* Niya.app */;
			productType = "com.apple.product-type.application";
		};
		1817E4819F0E4E59B66D287E /* NiyaTests */ = {
			isa = PBXNativeTarget;
			buildConfigurationList = E49C6285706A4A1FA6E61D6E /* Build configuration list for PBXNativeTarget "NiyaTests" */;
			buildPhases = (
				AE897D4349C040C1A2CF2912 /* Sources */,
				486056E8370B4B37AA9E1033 /* Frameworks */,
			);
			buildRules = (
			);
			dependencies = (
				5752836DF1EF4EBDA1A091BF /* PBXTargetDependency */,
			);
			name = NiyaTests;
			productName = NiyaTests;
			productReference = 665B0A32672B4721B93FE3B7 /* NiyaTests.xctest */;
			productType = "com.apple.product-type.bundle.unit-test";
		};
/* End PBXNativeTarget section */

/* Begin PBXProject section */
		8DA3035F3CFB4B928861A7B4 /* Project object */ = {
			isa = PBXProject;
			buildConfigurationList = E67AB9134D5D43E7905DD1B9 /* Build configuration list for PBXProject "Niya" */;
			compatibilityVersion = "Xcode 14.0";
			developmentRegion = en;
			hasScannedForEncodings = 0;
			knownRegions = (
				en,
				Base,
			);
			mainGroup = 34E5A034A7CC4E40AA9571DC;
			productRefGroup = C9762EC2012E402C99D708CE /* Products */;
			projectDirPath = "";
			projectRoot = "";
			targets = (
				0BFC3BFA8E5F4E10AED57644 /* Niya */,
				1817E4819F0E4E59B66D287E /* NiyaTests */,
			);
		};
/* End PBXProject section */

/* Begin PBXResourcesBuildPhase section */
		D8AFD743F0444D86B84CCF22 /* Resources */ = {
			isa = PBXResourcesBuildPhase;
			buildActionMask = 2147483647;
			files = (
				723964AE45E0483080AEB46A /* surahs.json in Resources */,
				1C468C2E9D3F40F6975B4403 /* verses_hafs.json in Resources */,
				265BE720686E497DAE879914 /* verses_indopak.json in Resources */,
				DA549C106EED486F97C2D5C0 /* hadith_collections.json in Resources */,
				93C4A541A7924149A466233A /* hadith_bukhari.json in Resources */,
				61D91650F23747B89E587963 /* hadith_muslim.json in Resources */,
				0AF829BC260345F787C0431B /* hadith_abudawud.json in Resources */,
				04650AB40FCA4FF4B4625278 /* hadith_tirmidhi.json in Resources */,
				AB0BB0C9A0694A80AAE98984 /* hadith_nasai.json in Resources */,
				109F2F6F11C34D87A816EA35 /* hadith_ibnmajah.json in Resources */,
				64E2D45F33BA4AD789865F9E /* hadith_malik.json in Resources */,
				CB19EF4F3E1742759B400EB4 /* hadith_ahmed.json in Resources */,
				E2DC0F76D5AA4518AC62B5ED /* hadith_darimi.json in Resources */,
				146366360C82411BAD1E6831 /* hadith_nawawi.json in Resources */,
				E7C6E1387B8046D8ADE568FC /* hadith_qudsi.json in Resources */,
				0C42DBA4F56242CCBD97E5B2 /* hadith_dehlawi.json in Resources */,
				EBA0BAC27C804CD8BAADCC7C /* hadith_aladab.json in Resources */,
				A3AEF4EC241C4381970B1AF8 /* hadith_bulugh.json in Resources */,
				2EB9CD8A6C0B4991BB16AF61 /* hadith_mishkat.json in Resources */,
				3C56A7A47AAE4C9B9D9FE5EE /* hadith_riyad.json in Resources */,
				B566EB20A9A746CE91622EDA /* hadith_shamail.json in Resources */,
				81DBA9D9608E42399BE0B305 /* dua_all.json in Resources */,
				2877EA43D2124B3AAFF96D52 /* word_data.json in Resources */,
				3A60B2D14F604CD9A02908D3 /* KFGQPC Uthmanic Script HAFS Regular.otf in Resources */,
				54C09359D0A84C59A9F9E72B /* ScheherazadeNew-Regular.ttf in Resources */,
				577649F4A2264A9E9DCC70E8 /* NotoNaskhArabic-Regular.ttf in Resources */,
				44EB38D0F46E4FC7A5DBE9DE /* Assets.xcassets in Resources */,
			);
			runOnlyForDeploymentPostprocessing = 0;
		};
/* End PBXResourcesBuildPhase section */

/* Begin PBXSourcesBuildPhase section */
		F8CFC3E5D5364B69BC014EA2 /* Sources */ = {
			isa = PBXSourcesBuildPhase;
			buildActionMask = 2147483647;
			files = (
				EDDFDE74DF734CB7A7438168 /* NiyaApp.swift in Sources */,
				BC5B598044314962AC749886 /* ContentView.swift in Sources */,
				1ED38F85BC9549BFACA53493 /* QuranScript.swift in Sources */,
				78661A8524D94D4F8B986BA9 /* Surah.swift in Sources */,
				4728CF63501549D1A51138DD /* Verse.swift in Sources */,
				65CE6C6B035E465F82350E20 /* AudioDownload.swift in Sources */,
				C461931D8FBD4A09853734C1 /* ReadingPosition.swift in Sources */,
				20458E36F97545149639E361 /* RecentSearch.swift in Sources */,
				B307E2C105CA44BF94AA80BD /* HadithCollection.swift in Sources */,
				1B47ED28416F4B278D8B782A /* HadithChapter.swift in Sources */,
				BBAD8E44656B4DF0AF4B92C3 /* Hadith.swift in Sources */,
				6CDABAD5F523429C96F8E9CD /* HadithGrade.swift in Sources */,
				E3B5EBAD28AB40EC8DB65601 /* HadithBookmark.swift in Sources */,
				A8E6B1D833AA4CB88FB71F86 /* QuranBookmark.swift in Sources */,
				2E972AD9B8DE4BE286FC2CE7 /* DuaSection.swift in Sources */,
				EE04C0E310D44B75B89E09DF /* DuaCategory.swift in Sources */,
				070CE808A7CA4C4C8CB93E1E /* Dua.swift in Sources */,
				583B5BA6D71E49FCAD05A810 /* DuaBookmark.swift in Sources */,
				785D0ACC62FA4970AC7744C6 /* RecentHadith.swift in Sources */,
				EDF7D19CB5AE4772AC07AE04 /* RecentDua.swift in Sources */,
				9BDC896993FF4FB3AF6612CA /* TajweedRule.swift in Sources */,
				203C861F7F7C43C488FCFFF3 /* TajweedAnnotation.swift in Sources */,
				E76BF0D427CC4F42B20527B4 /* TajweedVerse.swift in Sources */,
				57913CC86749413C90B13C23 /* Word.swift in Sources */,
				EA7C9FA098804B7B8568335B /* QuranDataService.swift in Sources */,
				72416520E0E64A4A86D3C26A /* AudioService.swift in Sources */,
				5C29F384A211417C891A1F66 /* DownloadStore.swift in Sources */,
				23E9C5CF6EBB49F0937A6B81 /* ReadingPositionStore.swift in Sources */,
				C52D0FFAF4604691BA8FF823 /* RecentSearchStore.swift in Sources */,
				9CCFBD260811428CAE31F52F /* HadithDataService.swift in Sources */,
				1A260DC7465D42C89BE50D3D /* HadithBookmarkStore.swift in Sources */,
				70D0591B42464D81848E7377 /* QuranBookmarkStore.swift in Sources */,
				44AAC91304DB40AD90F03C49 /* DuaDataService.swift in Sources */,
				67E20B8E78ED4C5B9A11ABFA /* DuaBookmarkStore.swift in Sources */,
				FB4C5D1A74164EE0A6AE578B /* RecentHadithStore.swift in Sources */,
				39CADB33D9284CC2910E2F6B /* RecentDuaStore.swift in Sources */,
				DB3D679C3B5141C2B476D799 /* TajweedService.swift in Sources */,
				2A5744FBE23D4D8EBEF00607 /* WordDataService.swift in Sources */,
				5B49472CA9934DF9868F5885 /* SurahListViewModel.swift in Sources */,
				66685419CF8F4FA982278490 /* ReaderViewModel.swift in Sources */,
				4FDB0BE7339648AF9E5631B9 /* AudioPlayerViewModel.swift in Sources */,
				8B02745FA3114E678A535D88 /* FollowAlongViewModel.swift in Sources */,
				A3075E3B78D14E9799EC67F8 /* SurahListView.swift in Sources */,
				0F143555D0FB4E708ED1AD75 /* SurahRowView.swift in Sources */,
				B101DCFE65064F92871EEAA6 /* SurahSearchView.swift in Sources */,
				DFCFFAE1746D4AF0A7C96BEB /* ReaderContainerView.swift in Sources */,
				B00CF2DD0E674D6EB3F882D9 /* ScrollReaderView.swift in Sources */,
				499920B49CBE4B14BBF80075 /* PageReaderView.swift in Sources */,
				0CAC39E5F6024ABCA0E0DD37 /* VerseRowView.swift in Sources */,
				3C66F13DB0584D42B1F0385D /* MushaPageView.swift in Sources */,
				F70D2ADF375B4E02AC6DAE66 /* ReaderSettingsSheet.swift in Sources */,
				4F1809D20EB34C028DF9CE5C /* TajweedTextView.swift in Sources */,
				F757AD1313C54891862D2965 /* FollowAlongVerseView.swift in Sources */,
				7D22A0B9A77649548D481DE8 /* FollowAlongControlsView.swift in Sources */,
				D83C1F9E4D1D4E468E91BEAC /* WordView.swift in Sources */,
				78CF1055130A43B4AA1E64B7 /* VerseCellView.swift in Sources */,
				17E41187F16741FEA4E363EA /* AudioPlayerBar.swift in Sources */,
				91A6359253CB4E94A313D99C /* HomeView.swift in Sources */,
				FB28C86227034CA6AEBD696E /* ContinueReadingCard.swift in Sources */,
				9A4EDE8DAA1F449F94F50E98 /* RecentHadithCard.swift in Sources */,
				AD491AFE1C304935B037FD22 /* RecentDuaCard.swift in Sources */,
				BC3647C22CCE49AA9B98961C /* BookmarksView.swift in Sources */,
				719B84F38DEA4650B280E15E /* SettingsView.swift in Sources */,
				17861F05C638450DA4D1E541 /* HadithTabView.swift in Sources */,
				3E311478A9A849DE8138D483 /* HadithCollectionCard.swift in Sources */,
				9F57B270AA164083A76D7F1E /* HadithCollectionView.swift in Sources */,
				3F4F1771E0064644B30BDF1D /* HadithChapterRow.swift in Sources */,
				5D725A213281417A87B3B6B8 /* HadithChapterView.swift in Sources */,
				52113870CD4E4A5F9C5A37FD /* HadithRowView.swift in Sources */,
				28B4F265A06F4C06B56BA42C /* HadithDetailView.swift in Sources */,
				CDD31A99AEB2486B979AC486 /* HadithBookmarksView.swift in Sources */,
				5DAA80A596814E63AD6A6A7E /* HadithSearchResultRow.swift in Sources */,
				04D7F19BA82C449C9AD1AA0E /* DuaTabView.swift in Sources */,
				A5529641B7384F54842675EA /* DuaSectionView.swift in Sources */,
				3E16258597B34CC5A7F742BA /* DuaRowView.swift in Sources */,
				C95F4BE77A4F4FB990070EEA /* DuaDetailView.swift in Sources */,
				ABDECEF180144B38BAC1A917 /* DuaSearchResultRow.swift in Sources */,
				5DDB37EDA5CA40C7BD0C8815 /* NiyaColors.swift in Sources */,
				41F3824ABE6C4EBABBE3A22A /* NiyaFonts.swift in Sources */,
				6FCD4D7399E04E889EC87823 /* NiyaTheme.swift in Sources */,
				7858431500BA44C882AE2859 /* NiyaExtensions.swift in Sources */,
				5AF1C1766E2E465FB472FF89 /* NiyaToolbar.swift in Sources */,
				E33B7E7EC4EF4634B0677FFC /* FlowLayout.swift in Sources */,
			);
			runOnlyForDeploymentPostprocessing = 0;
		};
/* End PBXSourcesBuildPhase section */

/* Begin PBXTargetDependency section */
		5752836DF1EF4EBDA1A091BF /* PBXTargetDependency */ = {
			isa = PBXTargetDependency;
			target = 0BFC3BFA8E5F4E10AED57644 /* Niya */;
			targetProxy = 54315B4B19854697ADE48B6B /* PBXContainerItemProxy */;
		};
/* End PBXTargetDependency section */

/* Begin PBXSourcesBuildPhase section (Tests) */
		AE897D4349C040C1A2CF2912 /* Sources */ = {
			isa = PBXSourcesBuildPhase;
			buildActionMask = 2147483647;
			files = (
				5F6340D186DE4193A1020FCB /* ReadingPositionModelTests.swift in Sources */,
				1A67FDB32B8245AFBC8BA618 /* ReadingPositionStoreTests.swift in Sources */,
				A850EBC35AAC4F53A7DAFB59 /* ContinueReadingCardTests.swift in Sources */,
				464CF928E12F437F87F6A1EB /* ReaderViewModelTests.swift in Sources */,
				533F78038AA741B581ADFADA /* HadithModelTests.swift in Sources */,
				32A5C94AC7874F57837C46A7 /* HadithDataServiceTests.swift in Sources */,
				9610DADF6C5A4336A0153C19 /* HadithBookmarkStoreTests.swift in Sources */,
				A596A44D3CBB4D4BA933BE8A /* WordModelTests.swift in Sources */,
				C3C21E94FECE47C5938ADCE2 /* WordDataServiceTests.swift in Sources */,
				1C3AB0D7878B4CE79DE5E3BB /* AudioServiceTests.swift in Sources */,
				D15BD52893A247FDB4892330 /* FollowAlongViewModelTests.swift in Sources */,
			);
			runOnlyForDeploymentPostprocessing = 0;
		};
/* End PBXSourcesBuildPhase section (Tests) */

/* Begin PBXFrameworksBuildPhase section (Tests) */
		486056E8370B4B37AA9E1033 /* Frameworks */ = {
			isa = PBXFrameworksBuildPhase;
			buildActionMask = 2147483647;
			files = (
			);
			runOnlyForDeploymentPostprocessing = 0;
		};
/* End PBXFrameworksBuildPhase section (Tests) */

/* Begin XCBuildConfiguration section */
		58031EC6092846299FB0E8EB /* Debug */ = {
			isa = XCBuildConfiguration;
			buildSettings = {
				ALWAYS_SEARCH_USER_PATHS = NO;
				ASSET_CATALOG_COMPILER_OPTIMIZATION = space;
				CLANG_ANALYZER_NONNULL = YES;
				CLANG_ANALYZER_NUMBER_OBJECT_CONVERSION = YES_AGGRESSIVE;
				CLANG_CXX_LANGUAGE_STANDARD = "gnu++20";
				CLANG_ENABLE_MODULES = YES;
				CLANG_ENABLE_OBJC_ARC = YES;
				CLANG_ENABLE_OBJC_WEAK = YES;
				CLANG_WARN_BLOCK_CAPTURE_AUTORELEASING = YES;
				CLANG_WARN_BOOL_CONVERSION = YES;
				CLANG_WARN_COMMA = YES;
				CLANG_WARN_CONSTANT_CONVERSION = YES;
				CLANG_WARN_DEPRECATED_OBJC_IMPLEMENTATIONS = YES;
				CLANG_WARN_DIRECT_OBJC_ISA_USAGE = YES_ERROR;
				CLANG_WARN_DOCUMENTATION_COMMENTS = YES;
				CLANG_WARN_EMPTY_BODY = YES;
				CLANG_WARN_ENUM_CONVERSION = YES;
				CLANG_WARN_INFINITE_RECURSION = YES;
				CLANG_WARN_INT_CONVERSION = YES;
				CLANG_WARN_NON_LITERAL_NULL_CONVERSION = YES;
				CLANG_WARN_OBJC_IMPLICIT_RETAIN_CYCLE = YES;
				CLANG_WARN_OBJC_LITERAL_CONVERSION = YES;
				CLANG_WARN_OBJC_ROOT_CLASS = YES_ERROR;
				CLANG_WARN_QUOTED_INCLUDE_IN_FRAMEWORK_HEADER = YES;
				CLANG_WARN_RANGE_LOOP_ANALYSIS = YES;
				CLANG_WARN_STRICT_PROTOTYPES = YES;
				CLANG_WARN_SUSPICIOUS_MOVE = YES;
				CLANG_WARN_UNGUARDED_AVAILABILITY = YES_AGGRESSIVE;
				CLANG_WARN_UNREACHABLE_CODE = YES;
				CLANG_WARN__DUPLICATE_METHOD_MATCH = YES;
				COPY_PHASE_STRIP = NO;
				DEBUG_INFORMATION_FORMAT = dwarf;
				ENABLE_STRICT_OBJC_MSGSEND = YES;
				ENABLE_TESTABILITY = YES;
				GCC_C_LANGUAGE_STANDARD = gnu17;
				GCC_DYNAMIC_NO_PIC = NO;
				GCC_NO_COMMON_BLOCKS = YES;
				GCC_OPTIMIZATION_LEVEL = 0;
				GCC_PREPROCESSOR_DEFINITIONS = (
					"DEBUG=1",
					"$(inherited)",
				);
				GCC_WARN_64_TO_32_BIT_CONVERSION = YES;
				GCC_WARN_ABOUT_RETURN_TYPE = YES_ERROR;
				GCC_WARN_UNDECLARED_SELECTOR = YES;
				GCC_WARN_UNINITIALIZED_AUTOS = YES_AGGRESSIVE;
				GCC_WARN_UNUSED_FUNCTION = YES;
				GCC_WARN_UNUSED_VARIABLE = YES;
				IPHONEOS_DEPLOYMENT_TARGET = 26.0;
				MTL_ENABLE_DEBUG_INFO = INCLUDE_SOURCE;
				MTL_FAST_MATH = YES;
				ONLY_ACTIVE_ARCH = YES;
				SDKROOT = iphoneos;
				SWIFT_ACTIVE_COMPILATION_CONDITIONS = DEBUG;
				SWIFT_OPTIMIZATION_LEVEL = "-Onone";
				VALIDATE_PRODUCT = NO;
			};
			name = Debug;
		};
		C2411B877E2B4FF08D099005 /* Release */ = {
			isa = XCBuildConfiguration;
			buildSettings = {
				ALWAYS_SEARCH_USER_PATHS = NO;
				ASSET_CATALOG_COMPILER_OPTIMIZATION = space;
				CLANG_ANALYZER_NONNULL = YES;
				CLANG_ANALYZER_NUMBER_OBJECT_CONVERSION = YES_AGGRESSIVE;
				CLANG_CXX_LANGUAGE_STANDARD = "gnu++20";
				CLANG_ENABLE_MODULES = YES;
				CLANG_ENABLE_OBJC_ARC = YES;
				CLANG_ENABLE_OBJC_WEAK = YES;
				CLANG_WARN_BLOCK_CAPTURE_AUTORELEASING = YES;
				CLANG_WARN_BOOL_CONVERSION = YES;
				CLANG_WARN_COMMA = YES;
				CLANG_WARN_CONSTANT_CONVERSION = YES;
				CLANG_WARN_DEPRECATED_OBJC_IMPLEMENTATIONS = YES;
				CLANG_WARN_DIRECT_OBJC_ISA_USAGE = YES_ERROR;
				CLANG_WARN_DOCUMENTATION_COMMENTS = YES;
				CLANG_WARN_EMPTY_BODY = YES;
				CLANG_WARN_ENUM_CONVERSION = YES;
				CLANG_WARN_INFINITE_RECURSION = YES;
				CLANG_WARN_INT_CONVERSION = YES;
				CLANG_WARN_NON_LITERAL_NULL_CONVERSION = YES;
				CLANG_WARN_OBJC_IMPLICIT_RETAIN_CYCLE = YES;
				CLANG_WARN_OBJC_LITERAL_CONVERSION = YES;
				CLANG_WARN_OBJC_ROOT_CLASS = YES_ERROR;
				CLANG_WARN_QUOTED_INCLUDE_IN_FRAMEWORK_HEADER = YES;
				CLANG_WARN_RANGE_LOOP_ANALYSIS = YES;
				CLANG_WARN_STRICT_PROTOTYPES = YES;
				CLANG_WARN_SUSPICIOUS_MOVE = YES;
				CLANG_WARN_UNGUARDED_AVAILABILITY = YES_AGGRESSIVE;
				CLANG_WARN_UNREACHABLE_CODE = YES;
				CLANG_WARN__DUPLICATE_METHOD_MATCH = YES;
				COPY_PHASE_STRIP = NO;
				DEBUG_INFORMATION_FORMAT = "dwarf-with-dsym";
				ENABLE_STRICT_OBJC_MSGSEND = YES;
				ENABLE_TESTABILITY = NO;
				GCC_C_LANGUAGE_STANDARD = gnu17;
				GCC_DYNAMIC_NO_PIC = YES;
				GCC_NO_COMMON_BLOCKS = YES;
				GCC_OPTIMIZATION_LEVEL = s;
				GCC_PREPROCESSOR_DEFINITIONS = (
					"$(inherited)",
				);
				GCC_WARN_64_TO_32_BIT_CONVERSION = YES;
				GCC_WARN_ABOUT_RETURN_TYPE = YES_ERROR;
				GCC_WARN_UNDECLARED_SELECTOR = YES;
				GCC_WARN_UNINITIALIZED_AUTOS = YES_AGGRESSIVE;
				GCC_WARN_UNUSED_FUNCTION = YES;
				GCC_WARN_UNUSED_VARIABLE = YES;
				IPHONEOS_DEPLOYMENT_TARGET = 26.0;
				MTL_ENABLE_DEBUG_INFO = NO;
				MTL_FAST_MATH = YES;
				ONLY_ACTIVE_ARCH = NO;
				SDKROOT = iphoneos;
				SWIFT_ACTIVE_COMPILATION_CONDITIONS = "";
				SWIFT_OPTIMIZATION_LEVEL = "-O";
				VALIDATE_PRODUCT = YES;
			};
			name = Release;
		};
		478ECAC409D2482489470828 /* Debug */ = {
			isa = XCBuildConfiguration;
			buildSettings = {
				ASSETCATALOG_COMPILER_APPICON_NAME = AppIcon;
				PRODUCT_BUNDLE_IDENTIFIER = com.niya.mobile;
				INFOPLIST_FILE = Niya/Info.plist;
				CODE_SIGN_STYLE = Automatic;
				DEVELOPMENT_TEAM = MYGKXH6TY4;
				CURRENT_PROJECT_VERSION = 1;
				IPHONEOS_DEPLOYMENT_TARGET = 26.0;
				LD_RUNPATH_SEARCH_PATHS = (
					"$(inherited)",
					"@executable_path/Frameworks",
				);
				MARKETING_VERSION = 1.0;
				PRODUCT_NAME = "$(TARGET_NAME)";
				SDKROOT = iphoneos;
				SWIFT_VERSION = 6.2;
				SWIFT_STRICT_CONCURRENCY = complete;
				TARGETED_DEVICE_FAMILY = "1,2";
			};
			name = Debug;
		};
		C0BEF6040E254676BCA7B9FC /* Release */ = {
			isa = XCBuildConfiguration;
			buildSettings = {
				ASSETCATALOG_COMPILER_APPICON_NAME = AppIcon;
				PRODUCT_BUNDLE_IDENTIFIER = com.niya.mobile;
				INFOPLIST_FILE = Niya/Info.plist;
				CODE_SIGN_STYLE = Automatic;
				DEVELOPMENT_TEAM = MYGKXH6TY4;
				CURRENT_PROJECT_VERSION = 1;
				IPHONEOS_DEPLOYMENT_TARGET = 26.0;
				LD_RUNPATH_SEARCH_PATHS = (
					"$(inherited)",
					"@executable_path/Frameworks",
				);
				MARKETING_VERSION = 1.0;
				PRODUCT_NAME = "$(TARGET_NAME)";
				SDKROOT = iphoneos;
				SWIFT_VERSION = 6.2;
				SWIFT_STRICT_CONCURRENCY = complete;
				TARGETED_DEVICE_FAMILY = "1,2";
			};
			name = Release;
		};
		D99BFD7A136A4BF1A8056F76 /* Debug */ = {
			isa = XCBuildConfiguration;
			buildSettings = {
				BUNDLE_LOADER = "$(TEST_HOST)";
				CODE_SIGN_STYLE = Automatic;
				DEVELOPMENT_TEAM = MYGKXH6TY4;
				CURRENT_PROJECT_VERSION = 1;
				GENERATE_INFOPLIST_FILE = YES;
				IPHONEOS_DEPLOYMENT_TARGET = 26.0;
				LD_RUNPATH_SEARCH_PATHS = (
					"$(inherited)",
					"@executable_path/Frameworks",
					"@loader_path/Frameworks",
				);
				MARKETING_VERSION = 1.0;
				PRODUCT_BUNDLE_IDENTIFIER = com.niya.mobile.tests;
				PRODUCT_NAME = "$(TARGET_NAME)";
				SDKROOT = iphoneos;
				SWIFT_VERSION = 6.2;
				SWIFT_STRICT_CONCURRENCY = complete;
				TARGETED_DEVICE_FAMILY = "1,2";
				TEST_HOST = "$(BUILT_PRODUCTS_DIR)/Niya.app/$(BUNDLE_EXECUTABLE_FOLDER_PATH)/Niya";
			};
			name = Debug;
		};
		E929D8BCFD2143998FEA5822 /* Release */ = {
			isa = XCBuildConfiguration;
			buildSettings = {
				BUNDLE_LOADER = "$(TEST_HOST)";
				CODE_SIGN_STYLE = Automatic;
				DEVELOPMENT_TEAM = MYGKXH6TY4;
				CURRENT_PROJECT_VERSION = 1;
				GENERATE_INFOPLIST_FILE = YES;
				IPHONEOS_DEPLOYMENT_TARGET = 26.0;
				LD_RUNPATH_SEARCH_PATHS = (
					"$(inherited)",
					"@executable_path/Frameworks",
					"@loader_path/Frameworks",
				);
				MARKETING_VERSION = 1.0;
				PRODUCT_BUNDLE_IDENTIFIER = com.niya.mobile.tests;
				PRODUCT_NAME = "$(TARGET_NAME)";
				SDKROOT = iphoneos;
				SWIFT_VERSION = 6.2;
				SWIFT_STRICT_CONCURRENCY = complete;
				TARGETED_DEVICE_FAMILY = "1,2";
				TEST_HOST = "$(BUILT_PRODUCTS_DIR)/Niya.app/$(BUNDLE_EXECUTABLE_FOLDER_PATH)/Niya";
			};
			name = Release;
		};
/* End XCBuildConfiguration section */

/* Begin XCConfigurationList section */
		E67AB9134D5D43E7905DD1B9 /* Build configuration list for PBXProject "Niya" */ = {
			isa = XCConfigurationList;
			buildConfigurations = (
				58031EC6092846299FB0E8EB /* Debug */,
				C2411B877E2B4FF08D099005 /* Release */,
			);
			defaultConfigurationIsVisible = 0;
			defaultConfigurationName = Release;
		};
		23DD911A2F764BA6A4D20F7C /* Build configuration list for PBXNativeTarget "Niya" */ = {
			isa = XCConfigurationList;
			buildConfigurations = (
				478ECAC409D2482489470828 /* Debug */,
				C0BEF6040E254676BCA7B9FC /* Release */,
			);
			defaultConfigurationIsVisible = 0;
			defaultConfigurationName = Release;
		};
		E49C6285706A4A1FA6E61D6E /* Build configuration list for PBXNativeTarget "NiyaTests" */ = {
			isa = XCConfigurationList;
			buildConfigurations = (
				D99BFD7A136A4BF1A8056F76 /* Debug */,
				E929D8BCFD2143998FEA5822 /* Release */,
			);
			defaultConfigurationIsVisible = 0;
			defaultConfigurationName = Release;
		};
/* End XCConfigurationList section */

	};
	rootObject = 8DA3035F3CFB4B928861A7B4 /* Project object */;
}
